// !$*UTF8*$!
{
	archiveVersion = 1;
	classes = {
	};
	objectVersion = 48;
	objects = {

/* Begin PBXBuildFile section */
		3398BA081F90FA8700428167 /* Squeak_Core_iOS.framework in Frameworks */ = {isa = PBXBuildFile; fileRef = 3398BA071F90FA8700428167 /* Squeak_Core_iOS.framework */; };
		3398BA091F90FA8700428167 /* Squeak_Core_iOS.framework in Embed Frameworks */ = {isa = PBXBuildFile; fileRef = 3398BA071F90FA8700428167 /* Squeak_Core_iOS.framework */; settings = {ATTRIBUTES = (CodeSignOnCopy, RemoveHeadersOnCopy, ); }; };
		3398BA0C1F90FA8C00428167 /* Squeak_Core_macOS.framework in Frameworks */ = {isa = PBXBuildFile; fileRef = 3398BA0B1F90FA8C00428167 /* Squeak_Core_macOS.framework */; };
		3398BA0D1F90FA8C00428167 /* Squeak_Core_macOS.framework in Embed Frameworks */ = {isa = PBXBuildFile; fileRef = 3398BA0B1F90FA8C00428167 /* Squeak_Core_macOS.framework */; settings = {ATTRIBUTES = (CodeSignOnCopy, RemoveHeadersOnCopy, ); }; };
		33D0A58E1F8FDD0500DF080E /* AppDelegate.swift in Sources */ = {isa = PBXBuildFile; fileRef = 33D0A58D1F8FDD0500DF080E /* AppDelegate.swift */; };
		33D0A5901F8FDD0500DF080E /* ViewController.swift in Sources */ = {isa = PBXBuildFile; fileRef = 33D0A58F1F8FDD0500DF080E /* ViewController.swift */; };
		33D0A5931F8FDD0500DF080E /* Main.storyboard in Resources */ = {isa = PBXBuildFile; fileRef = 33D0A5911F8FDD0500DF080E /* Main.storyboard */; };
		33D0A5951F8FDD0500DF080E /* Assets.xcassets in Resources */ = {isa = PBXBuildFile; fileRef = 33D0A5941F8FDD0500DF080E /* Assets.xcassets */; };
		33D0A5981F8FDD0500DF080E /* LaunchScreen.storyboard in Resources */ = {isa = PBXBuildFile; fileRef = 33D0A5961F8FDD0500DF080E /* LaunchScreen.storyboard */; };
		33D0A5A31F8FDD0500DF080E /* Squeak_iOSTests.swift in Sources */ = {isa = PBXBuildFile; fileRef = 33D0A5A21F8FDD0500DF080E /* Squeak_iOSTests.swift */; };
		33D0A5AE1F8FDD0500DF080E /* Squeak_iOSUITests.swift in Sources */ = {isa = PBXBuildFile; fileRef = 33D0A5AD1F8FDD0500DF080E /* Squeak_iOSUITests.swift */; };
		33D0A5C01F8FDD1800DF080E /* AppDelegate.swift in Sources */ = {isa = PBXBuildFile; fileRef = 33D0A5BF1F8FDD1800DF080E /* AppDelegate.swift */; };
		33D0A5C21F8FDD1800DF080E /* ViewController.swift in Sources */ = {isa = PBXBuildFile; fileRef = 33D0A5C11F8FDD1800DF080E /* ViewController.swift */; };
		33D0A5C41F8FDD1800DF080E /* Assets.xcassets in Resources */ = {isa = PBXBuildFile; fileRef = 33D0A5C31F8FDD1800DF080E /* Assets.xcassets */; };
		33D0A5C71F8FDD1800DF080E /* Main.storyboard in Resources */ = {isa = PBXBuildFile; fileRef = 33D0A5C51F8FDD1800DF080E /* Main.storyboard */; };
		33D0A5D31F8FDD1800DF080E /* Squeak_macOSTests.swift in Sources */ = {isa = PBXBuildFile; fileRef = 33D0A5D21F8FDD1800DF080E /* Squeak_macOSTests.swift */; };
		33D0A5DE1F8FDD1800DF080E /* Squeak_macOSUITests.swift in Sources */ = {isa = PBXBuildFile; fileRef = 33D0A5DD1F8FDD1800DF080E /* Squeak_macOSUITests.swift */; };
		52F50ACBC05369918DEC1D28 /* Pods_Squeak_iOS.framework in Frameworks */ = {isa = PBXBuildFile; fileRef = 525A5F786E2715756ACD37CC /* Pods_Squeak_iOS.framework */; };
		B7480F4B6E031C089F979756 /* Pods_Squeak_macOSTests.framework in Frameworks */ = {isa = PBXBuildFile; fileRef = 3A6E5EF7D57CB6526A167917 /* Pods_Squeak_macOSTests.framework */; };
		ECA7AC793C47F742A1802865 /* Pods_Squeak_macOS.framework in Frameworks */ = {isa = PBXBuildFile; fileRef = 1055A7EBBEDBE2DA6F4E6742 /* Pods_Squeak_macOS.framework */; };
/* End PBXBuildFile section */

/* Begin PBXContainerItemProxy section */
		33D0A59F1F8FDD0500DF080E /* PBXContainerItemProxy */ = {
			isa = PBXContainerItemProxy;
			containerPortal = 33D0A5801F8FDCDE00DF080E /* Project object */;
			proxyType = 1;
			remoteGlobalIDString = 33D0A5891F8FDD0500DF080E;
			remoteInfo = "Squeak-iOS";
		};
		33D0A5AA1F8FDD0500DF080E /* PBXContainerItemProxy */ = {
			isa = PBXContainerItemProxy;
			containerPortal = 33D0A5801F8FDCDE00DF080E /* Project object */;
			proxyType = 1;
			remoteGlobalIDString = 33D0A5891F8FDD0500DF080E;
			remoteInfo = "Squeak-iOS";
		};
		33D0A5CF1F8FDD1800DF080E /* PBXContainerItemProxy */ = {
			isa = PBXContainerItemProxy;
			containerPortal = 33D0A5801F8FDCDE00DF080E /* Project object */;
			proxyType = 1;
			remoteGlobalIDString = 33D0A5BC1F8FDD1800DF080E;
			remoteInfo = "Squeak-macOS";
		};
		33D0A5DA1F8FDD1800DF080E /* PBXContainerItemProxy */ = {
			isa = PBXContainerItemProxy;
			containerPortal = 33D0A5801F8FDCDE00DF080E /* Project object */;
			proxyType = 1;
			remoteGlobalIDString = 33D0A5BC1F8FDD1800DF080E;
			remoteInfo = "Squeak-macOS";
		};
/* End PBXContainerItemProxy section */

/* Begin PBXCopyFilesBuildPhase section */
		3398BA0A1F90FA8700428167 /* Embed Frameworks */ = {
			isa = PBXCopyFilesBuildPhase;
			buildActionMask = 2147483647;
			dstPath = "";
			dstSubfolderSpec = 10;
			files = (
				3398BA091F90FA8700428167 /* Squeak_Core_iOS.framework in Embed Frameworks */,
			);
			name = "Embed Frameworks";
			runOnlyForDeploymentPostprocessing = 0;
		};
		3398BA0E1F90FA8C00428167 /* Embed Frameworks */ = {
			isa = PBXCopyFilesBuildPhase;
			buildActionMask = 2147483647;
			dstPath = "";
			dstSubfolderSpec = 10;
			files = (
				3398BA0D1F90FA8C00428167 /* Squeak_Core_macOS.framework in Embed Frameworks */,
			);
			name = "Embed Frameworks";
			runOnlyForDeploymentPostprocessing = 0;
		};
/* End PBXCopyFilesBuildPhase section */

/* Begin PBXFileReference section */
		04CE1367F11B652F5B0766C5 /* Pods-Squeak-macOS.debug.xcconfig */ = {isa = PBXFileReference; includeInIndex = 1; lastKnownFileType = text.xcconfig; name = "Pods-Squeak-macOS.debug.xcconfig"; path = "Pods/Target Support Files/Pods-Squeak-macOS/Pods-Squeak-macOS.debug.xcconfig"; sourceTree = "<group>"; };
		1055A7EBBEDBE2DA6F4E6742 /* Pods_Squeak_macOS.framework */ = {isa = PBXFileReference; explicitFileType = wrapper.framework; includeInIndex = 0; path = Pods_Squeak_macOS.framework; sourceTree = BUILT_PRODUCTS_DIR; };
		3398BA071F90FA8700428167 /* Squeak_Core_iOS.framework */ = {isa = PBXFileReference; explicitFileType = wrapper.framework; path = Squeak_Core_iOS.framework; sourceTree = BUILT_PRODUCTS_DIR; };
		3398BA0B1F90FA8C00428167 /* Squeak_Core_macOS.framework */ = {isa = PBXFileReference; explicitFileType = wrapper.framework; path = Squeak_Core_macOS.framework; sourceTree = BUILT_PRODUCTS_DIR; };
		33D0A58A1F8FDD0500DF080E /* Squeak-iOS.app */ = {isa = PBXFileReference; explicitFileType = wrapper.application; includeInIndex = 0; path = "Squeak-iOS.app"; sourceTree = BUILT_PRODUCTS_DIR; };
		33D0A58D1F8FDD0500DF080E /* AppDelegate.swift */ = {isa = PBXFileReference; lastKnownFileType = sourcecode.swift; path = AppDelegate.swift; sourceTree = "<group>"; };
		33D0A58F1F8FDD0500DF080E /* ViewController.swift */ = {isa = PBXFileReference; lastKnownFileType = sourcecode.swift; path = ViewController.swift; sourceTree = "<group>"; };
		33D0A5921F8FDD0500DF080E /* Base */ = {isa = PBXFileReference; lastKnownFileType = file.storyboard; name = Base; path = Base.lproj/Main.storyboard; sourceTree = "<group>"; };
		33D0A5941F8FDD0500DF080E /* Assets.xcassets */ = {isa = PBXFileReference; lastKnownFileType = folder.assetcatalog; path = Assets.xcassets; sourceTree = "<group>"; };
		33D0A5971F8FDD0500DF080E /* Base */ = {isa = PBXFileReference; lastKnownFileType = file.storyboard; name = Base; path = Base.lproj/LaunchScreen.storyboard; sourceTree = "<group>"; };
		33D0A5991F8FDD0500DF080E /* Info.plist */ = {isa = PBXFileReference; lastKnownFileType = text.plist.xml; path = Info.plist; sourceTree = "<group>"; };
		33D0A59E1F8FDD0500DF080E /* Squeak-iOSTests.xctest */ = {isa = PBXFileReference; explicitFileType = wrapper.cfbundle; includeInIndex = 0; path = "Squeak-iOSTests.xctest"; sourceTree = BUILT_PRODUCTS_DIR; };
		33D0A5A21F8FDD0500DF080E /* Squeak_iOSTests.swift */ = {isa = PBXFileReference; lastKnownFileType = sourcecode.swift; path = Squeak_iOSTests.swift; sourceTree = "<group>"; };
		33D0A5A41F8FDD0500DF080E /* Info.plist */ = {isa = PBXFileReference; lastKnownFileType = text.plist.xml; path = Info.plist; sourceTree = "<group>"; };
		33D0A5A91F8FDD0500DF080E /* Squeak-iOSUITests.xctest */ = {isa = PBXFileReference; explicitFileType = wrapper.cfbundle; includeInIndex = 0; path = "Squeak-iOSUITests.xctest"; sourceTree = BUILT_PRODUCTS_DIR; };
		33D0A5AD1F8FDD0500DF080E /* Squeak_iOSUITests.swift */ = {isa = PBXFileReference; lastKnownFileType = sourcecode.swift; path = Squeak_iOSUITests.swift; sourceTree = "<group>"; };
		33D0A5AF1F8FDD0500DF080E /* Info.plist */ = {isa = PBXFileReference; lastKnownFileType = text.plist.xml; path = Info.plist; sourceTree = "<group>"; };
		33D0A5BD1F8FDD1800DF080E /* Squeak-macOS.app */ = {isa = PBXFileReference; explicitFileType = wrapper.application; includeInIndex = 0; path = "Squeak-macOS.app"; sourceTree = BUILT_PRODUCTS_DIR; };
		33D0A5BF1F8FDD1800DF080E /* AppDelegate.swift */ = {isa = PBXFileReference; lastKnownFileType = sourcecode.swift; path = AppDelegate.swift; sourceTree = "<group>"; };
		33D0A5C11F8FDD1800DF080E /* ViewController.swift */ = {isa = PBXFileReference; lastKnownFileType = sourcecode.swift; path = ViewController.swift; sourceTree = "<group>"; };
		33D0A5C31F8FDD1800DF080E /* Assets.xcassets */ = {isa = PBXFileReference; lastKnownFileType = folder.assetcatalog; path = Assets.xcassets; sourceTree = "<group>"; };
		33D0A5C61F8FDD1800DF080E /* Base */ = {isa = PBXFileReference; lastKnownFileType = file.storyboard; name = Base; path = Base.lproj/Main.storyboard; sourceTree = "<group>"; };
		33D0A5C81F8FDD1800DF080E /* Info.plist */ = {isa = PBXFileReference; lastKnownFileType = text.plist.xml; path = Info.plist; sourceTree = "<group>"; };
		33D0A5C91F8FDD1800DF080E /* Squeak_macOS.entitlements */ = {isa = PBXFileReference; lastKnownFileType = text.plist.entitlements; path = Squeak_macOS.entitlements; sourceTree = "<group>"; };
		33D0A5CE1F8FDD1800DF080E /* Squeak-macOSTests.xctest */ = {isa = PBXFileReference; explicitFileType = wrapper.cfbundle; includeInIndex = 0; path = "Squeak-macOSTests.xctest"; sourceTree = BUILT_PRODUCTS_DIR; };
		33D0A5D21F8FDD1800DF080E /* Squeak_macOSTests.swift */ = {isa = PBXFileReference; lastKnownFileType = sourcecode.swift; path = Squeak_macOSTests.swift; sourceTree = "<group>"; };
		33D0A5D41F8FDD1800DF080E /* Info.plist */ = {isa = PBXFileReference; lastKnownFileType = text.plist.xml; path = Info.plist; sourceTree = "<group>"; };
		33D0A5D91F8FDD1800DF080E /* Squeak-macOSUITests.xctest */ = {isa = PBXFileReference; explicitFileType = wrapper.cfbundle; includeInIndex = 0; path = "Squeak-macOSUITests.xctest"; sourceTree = BUILT_PRODUCTS_DIR; };
		33D0A5DD1F8FDD1800DF080E /* Squeak_macOSUITests.swift */ = {isa = PBXFileReference; lastKnownFileType = sourcecode.swift; path = Squeak_macOSUITests.swift; sourceTree = "<group>"; };
		33D0A5DF1F8FDD1800DF080E /* Info.plist */ = {isa = PBXFileReference; lastKnownFileType = text.plist.xml; path = Info.plist; sourceTree = "<group>"; };
		33D0A5F61F8FDD4200DF080E /* Squeak-CoreTests.xctest */ = {isa = PBXFileReference; explicitFileType = wrapper.cfbundle; includeInIndex = 0; path = "Squeak-CoreTests.xctest"; sourceTree = BUILT_PRODUCTS_DIR; };
		3A6E5EF7D57CB6526A167917 /* Pods_Squeak_macOSTests.framework */ = {isa = PBXFileReference; explicitFileType = wrapper.framework; includeInIndex = 0; path = Pods_Squeak_macOSTests.framework; sourceTree = BUILT_PRODUCTS_DIR; };
		5020ED930D60B40C8F4C789D /* Pods-Squeak-iOSTests.release.xcconfig */ = {isa = PBXFileReference; includeInIndex = 1; lastKnownFileType = text.xcconfig; name = "Pods-Squeak-iOSTests.release.xcconfig"; path = "Pods/Target Support Files/Pods-Squeak-iOSTests/Pods-Squeak-iOSTests.release.xcconfig"; sourceTree = "<group>"; };
		525A5F786E2715756ACD37CC /* Pods_Squeak_iOS.framework */ = {isa = PBXFileReference; explicitFileType = wrapper.framework; includeInIndex = 0; path = Pods_Squeak_iOS.framework; sourceTree = BUILT_PRODUCTS_DIR; };
		803EECB872D0447FA57EFFC1 /* Pods-Squeak-macOS.release.xcconfig */ = {isa = PBXFileReference; includeInIndex = 1; lastKnownFileType = text.xcconfig; name = "Pods-Squeak-macOS.release.xcconfig"; path = "Pods/Target Support Files/Pods-Squeak-macOS/Pods-Squeak-macOS.release.xcconfig"; sourceTree = "<group>"; };
		A9C01ED62FE92D4918D08F8F /* Pods-Squeak-iOSTests.debug.xcconfig */ = {isa = PBXFileReference; includeInIndex = 1; lastKnownFileType = text.xcconfig; name = "Pods-Squeak-iOSTests.debug.xcconfig"; path = "Pods/Target Support Files/Pods-Squeak-iOSTests/Pods-Squeak-iOSTests.debug.xcconfig"; sourceTree = "<group>"; };
		CFB132A4368922B4DCDE6D84 /* Pods-Squeak-macOSTests.debug.xcconfig */ = {isa = PBXFileReference; includeInIndex = 1; lastKnownFileType = text.xcconfig; name = "Pods-Squeak-macOSTests.debug.xcconfig"; path = "Pods/Target Support Files/Pods-Squeak-macOSTests/Pods-Squeak-macOSTests.debug.xcconfig"; sourceTree = "<group>"; };
		D1B64D00AF110E37657C9728 /* Pods-Squeak-iOS.release.xcconfig */ = {isa = PBXFileReference; includeInIndex = 1; lastKnownFileType = text.xcconfig; name = "Pods-Squeak-iOS.release.xcconfig"; path = "Pods/Target Support Files/Pods-Squeak-iOS/Pods-Squeak-iOS.release.xcconfig"; sourceTree = "<group>"; };
		E2066EE3E6FDE3D0AC6CEA78 /* Pods-Squeak-macOSTests.release.xcconfig */ = {isa = PBXFileReference; includeInIndex = 1; lastKnownFileType = text.xcconfig; name = "Pods-Squeak-macOSTests.release.xcconfig"; path = "Pods/Target Support Files/Pods-Squeak-macOSTests/Pods-Squeak-macOSTests.release.xcconfig"; sourceTree = "<group>"; };
		ED7D3C7A6BC45A1F7D96F594 /* Pods-Squeak-iOS.debug.xcconfig */ = {isa = PBXFileReference; includeInIndex = 1; lastKnownFileType = text.xcconfig; name = "Pods-Squeak-iOS.debug.xcconfig"; path = "Pods/Target Support Files/Pods-Squeak-iOS/Pods-Squeak-iOS.debug.xcconfig"; sourceTree = "<group>"; };
/* End PBXFileReference section */

/* Begin PBXFrameworksBuildPhase section */
		33D0A5871F8FDD0500DF080E /* Frameworks */ = {
			isa = PBXFrameworksBuildPhase;
			buildActionMask = 2147483647;
			files = (
				52F50ACBC05369918DEC1D28 /* Pods_Squeak_iOS.framework in Frameworks */,
				3398BA081F90FA8700428167 /* Squeak_Core_iOS.framework in Frameworks */,
			);
			runOnlyForDeploymentPostprocessing = 0;
		};
		33D0A59B1F8FDD0500DF080E /* Frameworks */ = {
			isa = PBXFrameworksBuildPhase;
			buildActionMask = 2147483647;
			files = (
			);
			runOnlyForDeploymentPostprocessing = 0;
		};
		33D0A5A61F8FDD0500DF080E /* Frameworks */ = {
			isa = PBXFrameworksBuildPhase;
			buildActionMask = 2147483647;
			files = (
			);
			runOnlyForDeploymentPostprocessing = 0;
		};
		33D0A5BA1F8FDD1800DF080E /* Frameworks */ = {
			isa = PBXFrameworksBuildPhase;
			buildActionMask = 2147483647;
			files = (
				ECA7AC793C47F742A1802865 /* Pods_Squeak_macOS.framework in Frameworks */,
				3398BA0C1F90FA8C00428167 /* Squeak_Core_macOS.framework in Frameworks */,
			);
			runOnlyForDeploymentPostprocessing = 0;
		};
		33D0A5CB1F8FDD1800DF080E /* Frameworks */ = {
			isa = PBXFrameworksBuildPhase;
			buildActionMask = 2147483647;
			files = (
				B7480F4B6E031C089F979756 /* Pods_Squeak_macOSTests.framework in Frameworks */,
			);
			runOnlyForDeploymentPostprocessing = 0;
		};
		33D0A5D61F8FDD1800DF080E /* Frameworks */ = {
			isa = PBXFrameworksBuildPhase;
			buildActionMask = 2147483647;
			files = (
			);
			runOnlyForDeploymentPostprocessing = 0;
		};
		33D0A5F31F8FDD4200DF080E /* Frameworks */ = {
			isa = PBXFrameworksBuildPhase;
			buildActionMask = 2147483647;
			files = (
			);
			runOnlyForDeploymentPostprocessing = 0;
		};
/* End PBXFrameworksBuildPhase section */

/* Begin PBXGroup section */
		321C0EF9D93B40EEBBC4030B /* Pods */ = {
			isa = PBXGroup;
			children = (
				A9C01ED62FE92D4918D08F8F /* Pods-Squeak-iOSTests.debug.xcconfig */,
				5020ED930D60B40C8F4C789D /* Pods-Squeak-iOSTests.release.xcconfig */,
				CFB132A4368922B4DCDE6D84 /* Pods-Squeak-macOSTests.debug.xcconfig */,
				E2066EE3E6FDE3D0AC6CEA78 /* Pods-Squeak-macOSTests.release.xcconfig */,
				ED7D3C7A6BC45A1F7D96F594 /* Pods-Squeak-iOS.debug.xcconfig */,
				D1B64D00AF110E37657C9728 /* Pods-Squeak-iOS.release.xcconfig */,
				04CE1367F11B652F5B0766C5 /* Pods-Squeak-macOS.debug.xcconfig */,
				803EECB872D0447FA57EFFC1 /* Pods-Squeak-macOS.release.xcconfig */,
			);
			name = Pods;
			sourceTree = "<group>";
		};
		33D0A57F1F8FDCDE00DF080E = {
			isa = PBXGroup;
			children = (
				3398BA0B1F90FA8C00428167 /* Squeak_Core_macOS.framework */,
				3398BA071F90FA8700428167 /* Squeak_Core_iOS.framework */,
				33D0A58C1F8FDD0500DF080E /* Squeak-iOS */,
				33D0A5A11F8FDD0500DF080E /* Squeak-iOSTests */,
				33D0A5AC1F8FDD0500DF080E /* Squeak-iOSUITests */,
				33D0A5BE1F8FDD1800DF080E /* Squeak-macOS */,
				33D0A5D11F8FDD1800DF080E /* Squeak-macOSTests */,
				33D0A5DC1F8FDD1800DF080E /* Squeak-macOSUITests */,
				33D0A58B1F8FDD0500DF080E /* Products */,
				33D0A6071F8FDD9300DF080E /* Frameworks */,
				321C0EF9D93B40EEBBC4030B /* Pods */,
			);
			sourceTree = "<group>";
		};
		33D0A58B1F8FDD0500DF080E /* Products */ = {
			isa = PBXGroup;
			children = (
				33D0A58A1F8FDD0500DF080E /* Squeak-iOS.app */,
				33D0A59E1F8FDD0500DF080E /* Squeak-iOSTests.xctest */,
				33D0A5A91F8FDD0500DF080E /* Squeak-iOSUITests.xctest */,
				33D0A5BD1F8FDD1800DF080E /* Squeak-macOS.app */,
				33D0A5CE1F8FDD1800DF080E /* Squeak-macOSTests.xctest */,
				33D0A5D91F8FDD1800DF080E /* Squeak-macOSUITests.xctest */,
				33D0A5F61F8FDD4200DF080E /* Squeak-CoreTests.xctest */,
			);
			name = Products;
			sourceTree = "<group>";
		};
		33D0A58C1F8FDD0500DF080E /* Squeak-iOS */ = {
			isa = PBXGroup;
			children = (
				33D0A58D1F8FDD0500DF080E /* AppDelegate.swift */,
				33D0A58F1F8FDD0500DF080E /* ViewController.swift */,
				33D0A5911F8FDD0500DF080E /* Main.storyboard */,
				33D0A5941F8FDD0500DF080E /* Assets.xcassets */,
				33D0A5961F8FDD0500DF080E /* LaunchScreen.storyboard */,
				33D0A5991F8FDD0500DF080E /* Info.plist */,
			);
			path = "Squeak-iOS";
			sourceTree = "<group>";
		};
		33D0A5A11F8FDD0500DF080E /* Squeak-iOSTests */ = {
			isa = PBXGroup;
			children = (
				33D0A5A21F8FDD0500DF080E /* Squeak_iOSTests.swift */,
				33D0A5A41F8FDD0500DF080E /* Info.plist */,
			);
			path = "Squeak-iOSTests";
			sourceTree = "<group>";
		};
		33D0A5AC1F8FDD0500DF080E /* Squeak-iOSUITests */ = {
			isa = PBXGroup;
			children = (
				33D0A5AD1F8FDD0500DF080E /* Squeak_iOSUITests.swift */,
				33D0A5AF1F8FDD0500DF080E /* Info.plist */,
			);
			path = "Squeak-iOSUITests";
			sourceTree = "<group>";
		};
		33D0A5BE1F8FDD1800DF080E /* Squeak-macOS */ = {
			isa = PBXGroup;
			children = (
				33D0A5BF1F8FDD1800DF080E /* AppDelegate.swift */,
				33D0A5C11F8FDD1800DF080E /* ViewController.swift */,
				33D0A5C31F8FDD1800DF080E /* Assets.xcassets */,
				33D0A5C51F8FDD1800DF080E /* Main.storyboard */,
				33D0A5C81F8FDD1800DF080E /* Info.plist */,
				33D0A5C91F8FDD1800DF080E /* Squeak_macOS.entitlements */,
			);
			path = "Squeak-macOS";
			sourceTree = "<group>";
		};
		33D0A5D11F8FDD1800DF080E /* Squeak-macOSTests */ = {
			isa = PBXGroup;
			children = (
				33D0A5D21F8FDD1800DF080E /* Squeak_macOSTests.swift */,
				33D0A5D41F8FDD1800DF080E /* Info.plist */,
			);
			path = "Squeak-macOSTests";
			sourceTree = "<group>";
		};
		33D0A5DC1F8FDD1800DF080E /* Squeak-macOSUITests */ = {
			isa = PBXGroup;
			children = (
				33D0A5DD1F8FDD1800DF080E /* Squeak_macOSUITests.swift */,
				33D0A5DF1F8FDD1800DF080E /* Info.plist */,
			);
			path = "Squeak-macOSUITests";
			sourceTree = "<group>";
		};
		33D0A6071F8FDD9300DF080E /* Frameworks */ = {
			isa = PBXGroup;
			children = (
				3A6E5EF7D57CB6526A167917 /* Pods_Squeak_macOSTests.framework */,
				525A5F786E2715756ACD37CC /* Pods_Squeak_iOS.framework */,
				1055A7EBBEDBE2DA6F4E6742 /* Pods_Squeak_macOS.framework */,
			);
			name = Frameworks;
			sourceTree = "<group>";
		};
/* End PBXGroup section */

/* Begin PBXNativeTarget section */
		33D0A5891F8FDD0500DF080E /* Squeak-iOS */ = {
			isa = PBXNativeTarget;
			buildConfigurationList = 33D0A5B61F8FDD0500DF080E /* Build configuration list for PBXNativeTarget "Squeak-iOS" */;
			buildPhases = (
				3E1A8E23578E03138C66EA37 /* [CP] Check Pods Manifest.lock */,
				33D0A5861F8FDD0500DF080E /* Sources */,
				33D0A5871F8FDD0500DF080E /* Frameworks */,
				33D0A5881F8FDD0500DF080E /* Resources */,
				050FDB3D3F0ABCEB97511D4B /* [CP] Embed Pods Frameworks */,
				07BB2D2FBEAEF30B253F697E /* [CP] Copy Pods Resources */,
				3398BA0A1F90FA8700428167 /* Embed Frameworks */,
			);
			buildRules = (
			);
			dependencies = (
			);
			name = "Squeak-iOS";
			productName = "Squeak-iOS";
			productReference = 33D0A58A1F8FDD0500DF080E /* Squeak-iOS.app */;
			productType = "com.apple.product-type.application";
		};
		33D0A59D1F8FDD0500DF080E /* Squeak-iOSTests */ = {
			isa = PBXNativeTarget;
			buildConfigurationList = 33D0A5B71F8FDD0500DF080E /* Build configuration list for PBXNativeTarget "Squeak-iOSTests" */;
			buildPhases = (
				D58C57E6BDAA85B1BDF85332 /* [CP] Check Pods Manifest.lock */,
				33D0A59A1F8FDD0500DF080E /* Sources */,
				33D0A59B1F8FDD0500DF080E /* Frameworks */,
				33D0A59C1F8FDD0500DF080E /* Resources */,
				077E87BF49E9FC77398C7B79 /* [CP] Embed Pods Frameworks */,
				FA962A9DED77D86ED8F23352 /* [CP] Copy Pods Resources */,
			);
			buildRules = (
			);
			dependencies = (
				33D0A5A01F8FDD0500DF080E /* PBXTargetDependency */,
			);
			name = "Squeak-iOSTests";
			productName = "Squeak-iOSTests";
			productReference = 33D0A59E1F8FDD0500DF080E /* Squeak-iOSTests.xctest */;
			productType = "com.apple.product-type.bundle.unit-test";
		};
		33D0A5A81F8FDD0500DF080E /* Squeak-iOSUITests */ = {
			isa = PBXNativeTarget;
			buildConfigurationList = 33D0A5B81F8FDD0500DF080E /* Build configuration list for PBXNativeTarget "Squeak-iOSUITests" */;
			buildPhases = (
				33D0A5A51F8FDD0500DF080E /* Sources */,
				33D0A5A61F8FDD0500DF080E /* Frameworks */,
				33D0A5A71F8FDD0500DF080E /* Resources */,
			);
			buildRules = (
			);
			dependencies = (
				33D0A5AB1F8FDD0500DF080E /* PBXTargetDependency */,
			);
			name = "Squeak-iOSUITests";
			productName = "Squeak-iOSUITests";
			productReference = 33D0A5A91F8FDD0500DF080E /* Squeak-iOSUITests.xctest */;
			productType = "com.apple.product-type.bundle.ui-testing";
		};
		33D0A5BC1F8FDD1800DF080E /* Squeak-macOS */ = {
			isa = PBXNativeTarget;
			buildConfigurationList = 33D0A5E01F8FDD1800DF080E /* Build configuration list for PBXNativeTarget "Squeak-macOS" */;
			buildPhases = (
				05E5840B837A934DEB13EAED /* [CP] Check Pods Manifest.lock */,
				33D0A5B91F8FDD1800DF080E /* Sources */,
				33D0A5BA1F8FDD1800DF080E /* Frameworks */,
				33D0A5BB1F8FDD1800DF080E /* Resources */,
				E1ED38281556F0C3E9841C69 /* [CP] Embed Pods Frameworks */,
				D6869F86EB2534AACB4B8F6D /* [CP] Copy Pods Resources */,
				3398BA0E1F90FA8C00428167 /* Embed Frameworks */,
			);
			buildRules = (
			);
			dependencies = (
			);
			name = "Squeak-macOS";
			productName = "Squeak-macOS";
			productReference = 33D0A5BD1F8FDD1800DF080E /* Squeak-macOS.app */;
			productType = "com.apple.product-type.application";
		};
		33D0A5CD1F8FDD1800DF080E /* Squeak-macOSTests */ = {
			isa = PBXNativeTarget;
			buildConfigurationList = 33D0A5E31F8FDD1800DF080E /* Build configuration list for PBXNativeTarget "Squeak-macOSTests" */;
			buildPhases = (
				2A3BE2BAC3A66F13906C55C2 /* [CP] Check Pods Manifest.lock */,
				33D0A5CA1F8FDD1800DF080E /* Sources */,
				33D0A5CB1F8FDD1800DF080E /* Frameworks */,
				33D0A5CC1F8FDD1800DF080E /* Resources */,
				771C328B44757491C86B4A52 /* [CP] Embed Pods Frameworks */,
				6CFDF790678BC0536493DD72 /* [CP] Copy Pods Resources */,
			);
			buildRules = (
			);
			dependencies = (
				33D0A5D01F8FDD1800DF080E /* PBXTargetDependency */,
			);
			name = "Squeak-macOSTests";
			productName = "Squeak-macOSTests";
			productReference = 33D0A5CE1F8FDD1800DF080E /* Squeak-macOSTests.xctest */;
			productType = "com.apple.product-type.bundle.unit-test";
		};
		33D0A5D81F8FDD1800DF080E /* Squeak-macOSUITests */ = {
			isa = PBXNativeTarget;
			buildConfigurationList = 33D0A5E61F8FDD1800DF080E /* Build configuration list for PBXNativeTarget "Squeak-macOSUITests" */;
			buildPhases = (
				33D0A5D51F8FDD1800DF080E /* Sources */,
				33D0A5D61F8FDD1800DF080E /* Frameworks */,
				33D0A5D71F8FDD1800DF080E /* Resources */,
			);
			buildRules = (
			);
			dependencies = (
				33D0A5DB1F8FDD1800DF080E /* PBXTargetDependency */,
			);
			name = "Squeak-macOSUITests";
			productName = "Squeak-macOSUITests";
			productReference = 33D0A5D91F8FDD1800DF080E /* Squeak-macOSUITests.xctest */;
			productType = "com.apple.product-type.bundle.ui-testing";
		};
		33D0A5F51F8FDD4200DF080E /* Squeak-CoreTests */ = {
			isa = PBXNativeTarget;
			buildConfigurationList = 33D0A6021F8FDD4200DF080E /* Build configuration list for PBXNativeTarget "Squeak-CoreTests" */;
			buildPhases = (
				33D0A5F21F8FDD4200DF080E /* Sources */,
				33D0A5F31F8FDD4200DF080E /* Frameworks */,
				33D0A5F41F8FDD4200DF080E /* Resources */,
			);
			buildRules = (
			);
			dependencies = (
			);
			name = "Squeak-CoreTests";
			productName = "Squeak-CoreTests";
			productReference = 33D0A5F61F8FDD4200DF080E /* Squeak-CoreTests.xctest */;
			productType = "com.apple.product-type.bundle.unit-test";
		};
/* End PBXNativeTarget section */

/* Begin PBXProject section */
		33D0A5801F8FDCDE00DF080E /* Project object */ = {
			isa = PBXProject;
			attributes = {
				LastSwiftUpdateCheck = 0900;
				LastUpgradeCheck = 0900;
				TargetAttributes = {
					33D0A5891F8FDD0500DF080E = {
						CreatedOnToolsVersion = 9.0;
						ProvisioningStyle = Automatic;
					};
					33D0A59D1F8FDD0500DF080E = {
						CreatedOnToolsVersion = 9.0;
						ProvisioningStyle = Automatic;
						TestTargetID = 33D0A5891F8FDD0500DF080E;
					};
					33D0A5A81F8FDD0500DF080E = {
						CreatedOnToolsVersion = 9.0;
						ProvisioningStyle = Automatic;
						TestTargetID = 33D0A5891F8FDD0500DF080E;
					};
					33D0A5BC1F8FDD1800DF080E = {
						CreatedOnToolsVersion = 9.0;
						ProvisioningStyle = Automatic;
					};
					33D0A5CD1F8FDD1800DF080E = {
						CreatedOnToolsVersion = 9.0;
						ProvisioningStyle = Automatic;
						TestTargetID = 33D0A5BC1F8FDD1800DF080E;
					};
					33D0A5D81F8FDD1800DF080E = {
						CreatedOnToolsVersion = 9.0;
						ProvisioningStyle = Automatic;
						TestTargetID = 33D0A5BC1F8FDD1800DF080E;
					};
					33D0A5F51F8FDD4200DF080E = {
						CreatedOnToolsVersion = 9.0;
						ProvisioningStyle = Automatic;
					};
				};
			};
			buildConfigurationList = 33D0A5831F8FDCDE00DF080E /* Build configuration list for PBXProject "Squeak" */;
			compatibilityVersion = "Xcode 8.0";
			developmentRegion = en;
			hasScannedForEncodings = 0;
			knownRegions = (
				en,
				Base,
			);
			mainGroup = 33D0A57F1F8FDCDE00DF080E;
			productRefGroup = 33D0A58B1F8FDD0500DF080E /* Products */;
			projectDirPath = "";
			projectRoot = "";
			targets = (
				33D0A5891F8FDD0500DF080E /* Squeak-iOS */,
				33D0A59D1F8FDD0500DF080E /* Squeak-iOSTests */,
				33D0A5A81F8FDD0500DF080E /* Squeak-iOSUITests */,
				33D0A5BC1F8FDD1800DF080E /* Squeak-macOS */,
				33D0A5CD1F8FDD1800DF080E /* Squeak-macOSTests */,
				33D0A5D81F8FDD1800DF080E /* Squeak-macOSUITests */,
				33D0A5F51F8FDD4200DF080E /* Squeak-CoreTests */,
			);
		};
/* End PBXProject section */

/* Begin PBXResourcesBuildPhase section */
		33D0A5881F8FDD0500DF080E /* Resources */ = {
			isa = PBXResourcesBuildPhase;
			buildActionMask = 2147483647;
			files = (
				33D0A5981F8FDD0500DF080E /* LaunchScreen.storyboard in Resources */,
				33D0A5951F8FDD0500DF080E /* Assets.xcassets in Resources */,
				33D0A5931F8FDD0500DF080E /* Main.storyboard in Resources */,
			);
			runOnlyForDeploymentPostprocessing = 0;
		};
		33D0A59C1F8FDD0500DF080E /* Resources */ = {
			isa = PBXResourcesBuildPhase;
			buildActionMask = 2147483647;
			files = (
			);
			runOnlyForDeploymentPostprocessing = 0;
		};
		33D0A5A71F8FDD0500DF080E /* Resources */ = {
			isa = PBXResourcesBuildPhase;
			buildActionMask = 2147483647;
			files = (
			);
			runOnlyForDeploymentPostprocessing = 0;
		};
		33D0A5BB1F8FDD1800DF080E /* Resources */ = {
			isa = PBXResourcesBuildPhase;
			buildActionMask = 2147483647;
			files = (
				33D0A5C41F8FDD1800DF080E /* Assets.xcassets in Resources */,
				33D0A5C71F8FDD1800DF080E /* Main.storyboard in Resources */,
			);
			runOnlyForDeploymentPostprocessing = 0;
		};
		33D0A5CC1F8FDD1800DF080E /* Resources */ = {
			isa = PBXResourcesBuildPhase;
			buildActionMask = 2147483647;
			files = (
			);
			runOnlyForDeploymentPostprocessing = 0;
		};
		33D0A5D71F8FDD1800DF080E /* Resources */ = {
			isa = PBXResourcesBuildPhase;
			buildActionMask = 2147483647;
			files = (
			);
			runOnlyForDeploymentPostprocessing = 0;
		};
		33D0A5F41F8FDD4200DF080E /* Resources */ = {
			isa = PBXResourcesBuildPhase;
			buildActionMask = 2147483647;
			files = (
			);
			runOnlyForDeploymentPostprocessing = 0;
		};
/* End PBXResourcesBuildPhase section */

/* Begin PBXShellScriptBuildPhase section */
		050FDB3D3F0ABCEB97511D4B /* [CP] Embed Pods Frameworks */ = {
			isa = PBXShellScriptBuildPhase;
			buildActionMask = 2147483647;
			files = (
			);
			inputPaths = (
				"${SRCROOT}/Pods/Target Support Files/Pods-Squeak-iOS/Pods-Squeak-iOS-frameworks.sh",
				"${BUILT_PRODUCTS_DIR}/RxCocoa-iOS/RxCocoa.framework",
				"${BUILT_PRODUCTS_DIR}/RxSwift-iOS/RxSwift.framework",
			);
			name = "[CP] Embed Pods Frameworks";
			outputPaths = (
				"${TARGET_BUILD_DIR}/${FRAMEWORKS_FOLDER_PATH}/RxCocoa.framework",
				"${TARGET_BUILD_DIR}/${FRAMEWORKS_FOLDER_PATH}/RxSwift.framework",
			);
			runOnlyForDeploymentPostprocessing = 0;
			shellPath = /bin/sh;
			shellScript = "\"${SRCROOT}/Pods/Target Support Files/Pods-Squeak-iOS/Pods-Squeak-iOS-frameworks.sh\"\n";
			showEnvVarsInLog = 0;
		};
		05E5840B837A934DEB13EAED /* [CP] Check Pods Manifest.lock */ = {
			isa = PBXShellScriptBuildPhase;
			buildActionMask = 2147483647;
			files = (
			);
			inputPaths = (
				"${PODS_PODFILE_DIR_PATH}/Podfile.lock",
				"${PODS_ROOT}/Manifest.lock",
			);
			name = "[CP] Check Pods Manifest.lock";
			outputPaths = (
				"$(DERIVED_FILE_DIR)/Pods-Squeak-macOS-checkManifestLockResult.txt",
			);
			runOnlyForDeploymentPostprocessing = 0;
			shellPath = /bin/sh;
			shellScript = "diff \"${PODS_PODFILE_DIR_PATH}/Podfile.lock\" \"${PODS_ROOT}/Manifest.lock\" > /dev/null\nif [ $? != 0 ] ; then\n    # print error to STDERR\n    echo \"error: The sandbox is not in sync with the Podfile.lock. Run 'pod install' or update your CocoaPods installation.\" >&2\n    exit 1\nfi\n# This output is used by Xcode 'outputs' to avoid re-running this script phase.\necho \"SUCCESS\" > \"${SCRIPT_OUTPUT_FILE_0}\"\n";
			showEnvVarsInLog = 0;
		};
		077E87BF49E9FC77398C7B79 /* [CP] Embed Pods Frameworks */ = {
			isa = PBXShellScriptBuildPhase;
			buildActionMask = 2147483647;
			files = (
			);
			inputPaths = (
			);
			name = "[CP] Embed Pods Frameworks";
			outputPaths = (
			);
			runOnlyForDeploymentPostprocessing = 0;
			shellPath = /bin/sh;
			shellScript = "\"${SRCROOT}/Pods/Target Support Files/Pods-Squeak-iOSTests/Pods-Squeak-iOSTests-frameworks.sh\"\n";
			showEnvVarsInLog = 0;
		};
		07BB2D2FBEAEF30B253F697E /* [CP] Copy Pods Resources */ = {
			isa = PBXShellScriptBuildPhase;
			buildActionMask = 2147483647;
			files = (
			);
			inputPaths = (
			);
			name = "[CP] Copy Pods Resources";
			outputPaths = (
			);
			runOnlyForDeploymentPostprocessing = 0;
			shellPath = /bin/sh;
			shellScript = "\"${SRCROOT}/Pods/Target Support Files/Pods-Squeak-iOS/Pods-Squeak-iOS-resources.sh\"\n";
			showEnvVarsInLog = 0;
		};
		2A3BE2BAC3A66F13906C55C2 /* [CP] Check Pods Manifest.lock */ = {
			isa = PBXShellScriptBuildPhase;
			buildActionMask = 2147483647;
			files = (
			);
			inputPaths = (
				"${PODS_PODFILE_DIR_PATH}/Podfile.lock",
				"${PODS_ROOT}/Manifest.lock",
			);
			name = "[CP] Check Pods Manifest.lock";
			outputPaths = (
				"$(DERIVED_FILE_DIR)/Pods-Squeak-macOSTests-checkManifestLockResult.txt",
			);
			runOnlyForDeploymentPostprocessing = 0;
			shellPath = /bin/sh;
			shellScript = "diff \"${PODS_PODFILE_DIR_PATH}/Podfile.lock\" \"${PODS_ROOT}/Manifest.lock\" > /dev/null\nif [ $? != 0 ] ; then\n    # print error to STDERR\n    echo \"error: The sandbox is not in sync with the Podfile.lock. Run 'pod install' or update your CocoaPods installation.\" >&2\n    exit 1\nfi\n# This output is used by Xcode 'outputs' to avoid re-running this script phase.\necho \"SUCCESS\" > \"${SCRIPT_OUTPUT_FILE_0}\"\n";
			showEnvVarsInLog = 0;
		};
		3E1A8E23578E03138C66EA37 /* [CP] Check Pods Manifest.lock */ = {
			isa = PBXShellScriptBuildPhase;
			buildActionMask = 2147483647;
			files = (
			);
			inputPaths = (
				"${PODS_PODFILE_DIR_PATH}/Podfile.lock",
				"${PODS_ROOT}/Manifest.lock",
			);
			name = "[CP] Check Pods Manifest.lock";
			outputPaths = (
				"$(DERIVED_FILE_DIR)/Pods-Squeak-iOS-checkManifestLockResult.txt",
			);
			runOnlyForDeploymentPostprocessing = 0;
			shellPath = /bin/sh;
			shellScript = "diff \"${PODS_PODFILE_DIR_PATH}/Podfile.lock\" \"${PODS_ROOT}/Manifest.lock\" > /dev/null\nif [ $? != 0 ] ; then\n    # print error to STDERR\n    echo \"error: The sandbox is not in sync with the Podfile.lock. Run 'pod install' or update your CocoaPods installation.\" >&2\n    exit 1\nfi\n# This output is used by Xcode 'outputs' to avoid re-running this script phase.\necho \"SUCCESS\" > \"${SCRIPT_OUTPUT_FILE_0}\"\n";
			showEnvVarsInLog = 0;
		};
		6CFDF790678BC0536493DD72 /* [CP] Copy Pods Resources */ = {
			isa = PBXShellScriptBuildPhase;
			buildActionMask = 2147483647;
			files = (
			);
			inputPaths = (
			);
			name = "[CP] Copy Pods Resources";
			outputPaths = (
			);
			runOnlyForDeploymentPostprocessing = 0;
			shellPath = /bin/sh;
			shellScript = "\"${SRCROOT}/Pods/Target Support Files/Pods-Squeak-macOSTests/Pods-Squeak-macOSTests-resources.sh\"\n";
			showEnvVarsInLog = 0;
		};
		771C328B44757491C86B4A52 /* [CP] Embed Pods Frameworks */ = {
			isa = PBXShellScriptBuildPhase;
			buildActionMask = 2147483647;
			files = (
			);
			inputPaths = (
			);
			name = "[CP] Embed Pods Frameworks";
			outputPaths = (
			);
			runOnlyForDeploymentPostprocessing = 0;
			shellPath = /bin/sh;
			shellScript = "\"${SRCROOT}/Pods/Target Support Files/Pods-Squeak-macOSTests/Pods-Squeak-macOSTests-frameworks.sh\"\n";
			showEnvVarsInLog = 0;
		};
		D58C57E6BDAA85B1BDF85332 /* [CP] Check Pods Manifest.lock */ = {
			isa = PBXShellScriptBuildPhase;
			buildActionMask = 2147483647;
			files = (
			);
			inputPaths = (
				"${PODS_PODFILE_DIR_PATH}/Podfile.lock",
				"${PODS_ROOT}/Manifest.lock",
			);
			name = "[CP] Check Pods Manifest.lock";
			outputPaths = (
				"$(DERIVED_FILE_DIR)/Pods-Squeak-iOSTests-checkManifestLockResult.txt",
			);
			runOnlyForDeploymentPostprocessing = 0;
			shellPath = /bin/sh;
			shellScript = "diff \"${PODS_PODFILE_DIR_PATH}/Podfile.lock\" \"${PODS_ROOT}/Manifest.lock\" > /dev/null\nif [ $? != 0 ] ; then\n    # print error to STDERR\n    echo \"error: The sandbox is not in sync with the Podfile.lock. Run 'pod install' or update your CocoaPods installation.\" >&2\n    exit 1\nfi\n# This output is used by Xcode 'outputs' to avoid re-running this script phase.\necho \"SUCCESS\" > \"${SCRIPT_OUTPUT_FILE_0}\"\n";
			showEnvVarsInLog = 0;
		};
		D6869F86EB2534AACB4B8F6D /* [CP] Copy Pods Resources */ = {
			isa = PBXShellScriptBuildPhase;
			buildActionMask = 2147483647;
			files = (
			);
			inputPaths = (
			);
			name = "[CP] Copy Pods Resources";
			outputPaths = (
			);
			runOnlyForDeploymentPostprocessing = 0;
			shellPath = /bin/sh;
			shellScript = "\"${SRCROOT}/Pods/Target Support Files/Pods-Squeak-macOS/Pods-Squeak-macOS-resources.sh\"\n";
			showEnvVarsInLog = 0;
		};
		E1ED38281556F0C3E9841C69 /* [CP] Embed Pods Frameworks */ = {
			isa = PBXShellScriptBuildPhase;
			buildActionMask = 2147483647;
			files = (
			);
			inputPaths = (
				"${SRCROOT}/Pods/Target Support Files/Pods-Squeak-macOS/Pods-Squeak-macOS-frameworks.sh",
				"${BUILT_PRODUCTS_DIR}/RxCocoa-macOS/RxCocoa.framework",
				"${BUILT_PRODUCTS_DIR}/RxSwift-macOS/RxSwift.framework",
			);
			name = "[CP] Embed Pods Frameworks";
			outputPaths = (
				"${TARGET_BUILD_DIR}/${FRAMEWORKS_FOLDER_PATH}/RxCocoa.framework",
				"${TARGET_BUILD_DIR}/${FRAMEWORKS_FOLDER_PATH}/RxSwift.framework",
			);
			runOnlyForDeploymentPostprocessing = 0;
			shellPath = /bin/sh;
			shellScript = "\"${SRCROOT}/Pods/Target Support Files/Pods-Squeak-macOS/Pods-Squeak-macOS-frameworks.sh\"\n";
			showEnvVarsInLog = 0;
		};
		FA962A9DED77D86ED8F23352 /* [CP] Copy Pods Resources */ = {
			isa = PBXShellScriptBuildPhase;
			buildActionMask = 2147483647;
			files = (
			);
			inputPaths = (
			);
			name = "[CP] Copy Pods Resources";
			outputPaths = (
			);
			runOnlyForDeploymentPostprocessing = 0;
			shellPath = /bin/sh;
			shellScript = "\"${SRCROOT}/Pods/Target Support Files/Pods-Squeak-iOSTests/Pods-Squeak-iOSTests-resources.sh\"\n";
			showEnvVarsInLog = 0;
		};
/* End PBXShellScriptBuildPhase section */

/* Begin PBXSourcesBuildPhase section */
		33D0A5861F8FDD0500DF080E /* Sources */ = {
			isa = PBXSourcesBuildPhase;
			buildActionMask = 2147483647;
			files = (
				33D0A5901F8FDD0500DF080E /* ViewController.swift in Sources */,
				33D0A58E1F8FDD0500DF080E /* AppDelegate.swift in Sources */,
			);
			runOnlyForDeploymentPostprocessing = 0;
		};
		33D0A59A1F8FDD0500DF080E /* Sources */ = {
			isa = PBXSourcesBuildPhase;
			buildActionMask = 2147483647;
			files = (
				33D0A5A31F8FDD0500DF080E /* Squeak_iOSTests.swift in Sources */,
			);
			runOnlyForDeploymentPostprocessing = 0;
		};
		33D0A5A51F8FDD0500DF080E /* Sources */ = {
			isa = PBXSourcesBuildPhase;
			buildActionMask = 2147483647;
			files = (
				33D0A5AE1F8FDD0500DF080E /* Squeak_iOSUITests.swift in Sources */,
			);
			runOnlyForDeploymentPostprocessing = 0;
		};
		33D0A5B91F8FDD1800DF080E /* Sources */ = {
			isa = PBXSourcesBuildPhase;
			buildActionMask = 2147483647;
			files = (
				33D0A5C21F8FDD1800DF080E /* ViewController.swift in Sources */,
				33D0A5C01F8FDD1800DF080E /* AppDelegate.swift in Sources */,
			);
			runOnlyForDeploymentPostprocessing = 0;
		};
		33D0A5CA1F8FDD1800DF080E /* Sources */ = {
			isa = PBXSourcesBuildPhase;
			buildActionMask = 2147483647;
			files = (
				33D0A5D31F8FDD1800DF080E /* Squeak_macOSTests.swift in Sources */,
			);
			runOnlyForDeploymentPostprocessing = 0;
		};
		33D0A5D51F8FDD1800DF080E /* Sources */ = {
			isa = PBXSourcesBuildPhase;
			buildActionMask = 2147483647;
			files = (
				33D0A5DE1F8FDD1800DF080E /* Squeak_macOSUITests.swift in Sources */,
			);
			runOnlyForDeploymentPostprocessing = 0;
		};
		33D0A5F21F8FDD4200DF080E /* Sources */ = {
			isa = PBXSourcesBuildPhase;
			buildActionMask = 2147483647;
			files = (
			);
			runOnlyForDeploymentPostprocessing = 0;
		};
/* End PBXSourcesBuildPhase section */

/* Begin PBXTargetDependency section */
		33D0A5A01F8FDD0500DF080E /* PBXTargetDependency */ = {
			isa = PBXTargetDependency;
			target = 33D0A5891F8FDD0500DF080E /* Squeak-iOS */;
			targetProxy = 33D0A59F1F8FDD0500DF080E /* PBXContainerItemProxy */;
		};
		33D0A5AB1F8FDD0500DF080E /* PBXTargetDependency */ = {
			isa = PBXTargetDependency;
			target = 33D0A5891F8FDD0500DF080E /* Squeak-iOS */;
			targetProxy = 33D0A5AA1F8FDD0500DF080E /* PBXContainerItemProxy */;
		};
		33D0A5D01F8FDD1800DF080E /* PBXTargetDependency */ = {
			isa = PBXTargetDependency;
			target = 33D0A5BC1F8FDD1800DF080E /* Squeak-macOS */;
			targetProxy = 33D0A5CF1F8FDD1800DF080E /* PBXContainerItemProxy */;
		};
		33D0A5DB1F8FDD1800DF080E /* PBXTargetDependency */ = {
			isa = PBXTargetDependency;
			target = 33D0A5BC1F8FDD1800DF080E /* Squeak-macOS */;
			targetProxy = 33D0A5DA1F8FDD1800DF080E /* PBXContainerItemProxy */;
		};
/* End PBXTargetDependency section */

/* Begin PBXVariantGroup section */
		33D0A5911F8FDD0500DF080E /* Main.storyboard */ = {
			isa = PBXVariantGroup;
			children = (
				33D0A5921F8FDD0500DF080E /* Base */,
			);
			name = Main.storyboard;
			sourceTree = "<group>";
		};
		33D0A5961F8FDD0500DF080E /* LaunchScreen.storyboard */ = {
			isa = PBXVariantGroup;
			children = (
				33D0A5971F8FDD0500DF080E /* Base */,
			);
			name = LaunchScreen.storyboard;
			sourceTree = "<group>";
		};
		33D0A5C51F8FDD1800DF080E /* Main.storyboard */ = {
			isa = PBXVariantGroup;
			children = (
				33D0A5C61F8FDD1800DF080E /* Base */,
			);
			name = Main.storyboard;
			sourceTree = "<group>";
		};
/* End PBXVariantGroup section */

/* Begin XCBuildConfiguration section */
		33D0A5841F8FDCDE00DF080E /* Debug */ = {
			isa = XCBuildConfiguration;
			buildSettings = {
			};
			name = Debug;
		};
		33D0A5851F8FDCDE00DF080E /* Release */ = {
			isa = XCBuildConfiguration;
			buildSettings = {
			};
			name = Release;
		};
		33D0A5B01F8FDD0500DF080E /* Debug */ = {
			isa = XCBuildConfiguration;
			baseConfigurationReference = ED7D3C7A6BC45A1F7D96F594 /* Pods-Squeak-iOS.debug.xcconfig */;
			buildSettings = {
				ALWAYS_SEARCH_USER_PATHS = NO;
				ASSETCATALOG_COMPILER_APPICON_NAME = AppIcon;
				CLANG_ANALYZER_NONNULL = YES;
				CLANG_ANALYZER_NUMBER_OBJECT_CONVERSION = YES_AGGRESSIVE;
				CLANG_CXX_LANGUAGE_STANDARD = "gnu++14";
				CLANG_CXX_LIBRARY = "libc++";
				CLANG_ENABLE_MODULES = YES;
				CLANG_ENABLE_OBJC_ARC = YES;
				CLANG_WARN_BLOCK_CAPTURE_AUTORELEASING = YES;
				CLANG_WARN_BOOL_CONVERSION = YES;
				CLANG_WARN_COMMA = YES;
				CLANG_WARN_CONSTANT_CONVERSION = YES;
				CLANG_WARN_DIRECT_OBJC_ISA_USAGE = YES_ERROR;
				CLANG_WARN_DOCUMENTATION_COMMENTS = YES;
				CLANG_WARN_EMPTY_BODY = YES;
				CLANG_WARN_ENUM_CONVERSION = YES;
				CLANG_WARN_INFINITE_RECURSION = YES;
				CLANG_WARN_INT_CONVERSION = YES;
				CLANG_WARN_NON_LITERAL_NULL_CONVERSION = YES;
				CLANG_WARN_OBJC_LITERAL_CONVERSION = YES;
				CLANG_WARN_OBJC_ROOT_CLASS = YES_ERROR;
				CLANG_WARN_RANGE_LOOP_ANALYSIS = YES;
				CLANG_WARN_STRICT_PROTOTYPES = YES;
				CLANG_WARN_SUSPICIOUS_MOVE = YES;
				CLANG_WARN_UNGUARDED_AVAILABILITY = YES_AGGRESSIVE;
				CLANG_WARN_UNREACHABLE_CODE = YES;
				CLANG_WARN__DUPLICATE_METHOD_MATCH = YES;
				CODE_SIGN_IDENTITY = "iPhone Developer";
				CODE_SIGN_STYLE = Automatic;
				COPY_PHASE_STRIP = NO;
				DEBUG_INFORMATION_FORMAT = dwarf;
				DEVELOPMENT_TEAM = L3WEU56M5K;
				ENABLE_STRICT_OBJC_MSGSEND = YES;
				ENABLE_TESTABILITY = YES;
				GCC_C_LANGUAGE_STANDARD = gnu11;
				GCC_DYNAMIC_NO_PIC = NO;
				GCC_NO_COMMON_BLOCKS = YES;
				GCC_OPTIMIZATION_LEVEL = 0;
				GCC_PREPROCESSOR_DEFINITIONS = (
					"DEBUG=1",
					"$(inherited)",
				);
				GCC_WARN_64_TO_32_BIT_CONVERSION = YES;
				GCC_WARN_ABOUT_RETURN_TYPE = YES_ERROR;
				GCC_WARN_UNDECLARED_SELECTOR = YES;
				GCC_WARN_UNINITIALIZED_AUTOS = YES_AGGRESSIVE;
				GCC_WARN_UNUSED_FUNCTION = YES;
				GCC_WARN_UNUSED_VARIABLE = YES;
				INFOPLIST_FILE = "Squeak-iOS/Info.plist";
				IPHONEOS_DEPLOYMENT_TARGET = 11.0;
				LD_RUNPATH_SEARCH_PATHS = "$(inherited) @executable_path/Frameworks";
				MTL_ENABLE_DEBUG_INFO = YES;
				ONLY_ACTIVE_ARCH = YES;
				PRODUCT_BUNDLE_IDENTIFIER = "chat.willow.squeak.Squeak-iOS";
				PRODUCT_NAME = "$(TARGET_NAME)";
				SDKROOT = iphoneos;
				SWIFT_ACTIVE_COMPILATION_CONDITIONS = DEBUG;
				SWIFT_OPTIMIZATION_LEVEL = "-Onone";
				SWIFT_VERSION = 4.0;
				TARGETED_DEVICE_FAMILY = "1,2";
			};
			name = Debug;
		};
		33D0A5B11F8FDD0500DF080E /* Release */ = {
			isa = XCBuildConfiguration;
			baseConfigurationReference = D1B64D00AF110E37657C9728 /* Pods-Squeak-iOS.release.xcconfig */;
			buildSettings = {
				ALWAYS_SEARCH_USER_PATHS = NO;
				ASSETCATALOG_COMPILER_APPICON_NAME = AppIcon;
				CLANG_ANALYZER_NONNULL = YES;
				CLANG_ANALYZER_NUMBER_OBJECT_CONVERSION = YES_AGGRESSIVE;
				CLANG_CXX_LANGUAGE_STANDARD = "gnu++14";
				CLANG_CXX_LIBRARY = "libc++";
				CLANG_ENABLE_MODULES = YES;
				CLANG_ENABLE_OBJC_ARC = YES;
				CLANG_WARN_BLOCK_CAPTURE_AUTORELEASING = YES;
				CLANG_WARN_BOOL_CONVERSION = YES;
				CLANG_WARN_COMMA = YES;
				CLANG_WARN_CONSTANT_CONVERSION = YES;
				CLANG_WARN_DIRECT_OBJC_ISA_USAGE = YES_ERROR;
				CLANG_WARN_DOCUMENTATION_COMMENTS = YES;
				CLANG_WARN_EMPTY_BODY = YES;
				CLANG_WARN_ENUM_CONVERSION = YES;
				CLANG_WARN_INFINITE_RECURSION = YES;
				CLANG_WARN_INT_CONVERSION = YES;
				CLANG_WARN_NON_LITERAL_NULL_CONVERSION = YES;
				CLANG_WARN_OBJC_LITERAL_CONVERSION = YES;
				CLANG_WARN_OBJC_ROOT_CLASS = YES_ERROR;
				CLANG_WARN_RANGE_LOOP_ANALYSIS = YES;
				CLANG_WARN_STRICT_PROTOTYPES = YES;
				CLANG_WARN_SUSPICIOUS_MOVE = YES;
				CLANG_WARN_UNGUARDED_AVAILABILITY = YES_AGGRESSIVE;
				CLANG_WARN_UNREACHABLE_CODE = YES;
				CLANG_WARN__DUPLICATE_METHOD_MATCH = YES;
				CODE_SIGN_IDENTITY = "iPhone Developer";
				CODE_SIGN_STYLE = Automatic;
				COPY_PHASE_STRIP = NO;
				DEBUG_INFORMATION_FORMAT = "dwarf-with-dsym";
				DEVELOPMENT_TEAM = L3WEU56M5K;
				ENABLE_NS_ASSERTIONS = NO;
				ENABLE_STRICT_OBJC_MSGSEND = YES;
				GCC_C_LANGUAGE_STANDARD = gnu11;
				GCC_NO_COMMON_BLOCKS = YES;
				GCC_WARN_64_TO_32_BIT_CONVERSION = YES;
				GCC_WARN_ABOUT_RETURN_TYPE = YES_ERROR;
				GCC_WARN_UNDECLARED_SELECTOR = YES;
				GCC_WARN_UNINITIALIZED_AUTOS = YES_AGGRESSIVE;
				GCC_WARN_UNUSED_FUNCTION = YES;
				GCC_WARN_UNUSED_VARIABLE = YES;
				INFOPLIST_FILE = "Squeak-iOS/Info.plist";
				IPHONEOS_DEPLOYMENT_TARGET = 11.0;
				LD_RUNPATH_SEARCH_PATHS = "$(inherited) @executable_path/Frameworks";
				MTL_ENABLE_DEBUG_INFO = NO;
				PRODUCT_BUNDLE_IDENTIFIER = "chat.willow.squeak.Squeak-iOS";
				PRODUCT_NAME = "$(TARGET_NAME)";
				SDKROOT = iphoneos;
				SWIFT_OPTIMIZATION_LEVEL = "-Owholemodule";
				SWIFT_VERSION = 4.0;
				TARGETED_DEVICE_FAMILY = "1,2";
				VALIDATE_PRODUCT = YES;
			};
			name = Release;
		};
		33D0A5B21F8FDD0500DF080E /* Debug */ = {
			isa = XCBuildConfiguration;
			baseConfigurationReference = A9C01ED62FE92D4918D08F8F /* Pods-Squeak-iOSTests.debug.xcconfig */;
			buildSettings = {
				ALWAYS_EMBED_SWIFT_STANDARD_LIBRARIES = YES;
				ALWAYS_SEARCH_USER_PATHS = NO;
				BUNDLE_LOADER = "$(TEST_HOST)";
				CLANG_ANALYZER_NONNULL = YES;
				CLANG_ANALYZER_NUMBER_OBJECT_CONVERSION = YES_AGGRESSIVE;
				CLANG_CXX_LANGUAGE_STANDARD = "gnu++14";
				CLANG_CXX_LIBRARY = "libc++";
				CLANG_ENABLE_MODULES = YES;
				CLANG_ENABLE_OBJC_ARC = YES;
				CLANG_WARN_BLOCK_CAPTURE_AUTORELEASING = YES;
				CLANG_WARN_BOOL_CONVERSION = YES;
				CLANG_WARN_COMMA = YES;
				CLANG_WARN_CONSTANT_CONVERSION = YES;
				CLANG_WARN_DIRECT_OBJC_ISA_USAGE = YES_ERROR;
				CLANG_WARN_DOCUMENTATION_COMMENTS = YES;
				CLANG_WARN_EMPTY_BODY = YES;
				CLANG_WARN_ENUM_CONVERSION = YES;
				CLANG_WARN_INFINITE_RECURSION = YES;
				CLANG_WARN_INT_CONVERSION = YES;
				CLANG_WARN_NON_LITERAL_NULL_CONVERSION = YES;
				CLANG_WARN_OBJC_LITERAL_CONVERSION = YES;
				CLANG_WARN_OBJC_ROOT_CLASS = YES_ERROR;
				CLANG_WARN_RANGE_LOOP_ANALYSIS = YES;
				CLANG_WARN_STRICT_PROTOTYPES = YES;
				CLANG_WARN_SUSPICIOUS_MOVE = YES;
				CLANG_WARN_UNGUARDED_AVAILABILITY = YES_AGGRESSIVE;
				CLANG_WARN_UNREACHABLE_CODE = YES;
				CLANG_WARN__DUPLICATE_METHOD_MATCH = YES;
				CODE_SIGN_IDENTITY = "iPhone Developer";
				CODE_SIGN_STYLE = Automatic;
				COPY_PHASE_STRIP = NO;
				DEBUG_INFORMATION_FORMAT = dwarf;
				DEVELOPMENT_TEAM = L3WEU56M5K;
				ENABLE_STRICT_OBJC_MSGSEND = YES;
				ENABLE_TESTABILITY = YES;
				GCC_C_LANGUAGE_STANDARD = gnu11;
				GCC_DYNAMIC_NO_PIC = NO;
				GCC_NO_COMMON_BLOCKS = YES;
				GCC_OPTIMIZATION_LEVEL = 0;
				GCC_PREPROCESSOR_DEFINITIONS = (
					"DEBUG=1",
					"$(inherited)",
				);
				GCC_WARN_64_TO_32_BIT_CONVERSION = YES;
				GCC_WARN_ABOUT_RETURN_TYPE = YES_ERROR;
				GCC_WARN_UNDECLARED_SELECTOR = YES;
				GCC_WARN_UNINITIALIZED_AUTOS = YES_AGGRESSIVE;
				GCC_WARN_UNUSED_FUNCTION = YES;
				GCC_WARN_UNUSED_VARIABLE = YES;
				INFOPLIST_FILE = "Squeak-iOSTests/Info.plist";
				IPHONEOS_DEPLOYMENT_TARGET = 11.0;
				LD_RUNPATH_SEARCH_PATHS = "$(inherited) @executable_path/Frameworks @loader_path/Frameworks";
				MTL_ENABLE_DEBUG_INFO = YES;
				ONLY_ACTIVE_ARCH = YES;
				PRODUCT_BUNDLE_IDENTIFIER = "chat.willow.squeak.Squeak-iOSTests";
				PRODUCT_NAME = "$(TARGET_NAME)";
				SDKROOT = iphoneos;
				SWIFT_ACTIVE_COMPILATION_CONDITIONS = DEBUG;
				SWIFT_OPTIMIZATION_LEVEL = "-Onone";
				SWIFT_VERSION = 4.0;
				TARGETED_DEVICE_FAMILY = "1,2";
				TEST_HOST = "$(BUILT_PRODUCTS_DIR)/Squeak-iOS.app/Squeak-iOS";
			};
			name = Debug;
		};
		33D0A5B31F8FDD0500DF080E /* Release */ = {
			isa = XCBuildConfiguration;
			baseConfigurationReference = 5020ED930D60B40C8F4C789D /* Pods-Squeak-iOSTests.release.xcconfig */;
			buildSettings = {
				ALWAYS_EMBED_SWIFT_STANDARD_LIBRARIES = YES;
				ALWAYS_SEARCH_USER_PATHS = NO;
				BUNDLE_LOADER = "$(TEST_HOST)";
				CLANG_ANALYZER_NONNULL = YES;
				CLANG_ANALYZER_NUMBER_OBJECT_CONVERSION = YES_AGGRESSIVE;
				CLANG_CXX_LANGUAGE_STANDARD = "gnu++14";
				CLANG_CXX_LIBRARY = "libc++";
				CLANG_ENABLE_MODULES = YES;
				CLANG_ENABLE_OBJC_ARC = YES;
				CLANG_WARN_BLOCK_CAPTURE_AUTORELEASING = YES;
				CLANG_WARN_BOOL_CONVERSION = YES;
				CLANG_WARN_COMMA = YES;
				CLANG_WARN_CONSTANT_CONVERSION = YES;
				CLANG_WARN_DIRECT_OBJC_ISA_USAGE = YES_ERROR;
				CLANG_WARN_DOCUMENTATION_COMMENTS = YES;
				CLANG_WARN_EMPTY_BODY = YES;
				CLANG_WARN_ENUM_CONVERSION = YES;
				CLANG_WARN_INFINITE_RECURSION = YES;
				CLANG_WARN_INT_CONVERSION = YES;
				CLANG_WARN_NON_LITERAL_NULL_CONVERSION = YES;
				CLANG_WARN_OBJC_LITERAL_CONVERSION = YES;
				CLANG_WARN_OBJC_ROOT_CLASS = YES_ERROR;
				CLANG_WARN_RANGE_LOOP_ANALYSIS = YES;
				CLANG_WARN_STRICT_PROTOTYPES = YES;
				CLANG_WARN_SUSPICIOUS_MOVE = YES;
				CLANG_WARN_UNGUARDED_AVAILABILITY = YES_AGGRESSIVE;
				CLANG_WARN_UNREACHABLE_CODE = YES;
				CLANG_WARN__DUPLICATE_METHOD_MATCH = YES;
				CODE_SIGN_IDENTITY = "iPhone Developer";
				CODE_SIGN_STYLE = Automatic;
				COPY_PHASE_STRIP = NO;
				DEBUG_INFORMATION_FORMAT = "dwarf-with-dsym";
				DEVELOPMENT_TEAM = L3WEU56M5K;
				ENABLE_NS_ASSERTIONS = NO;
				ENABLE_STRICT_OBJC_MSGSEND = YES;
				GCC_C_LANGUAGE_STANDARD = gnu11;
				GCC_NO_COMMON_BLOCKS = YES;
				GCC_WARN_64_TO_32_BIT_CONVERSION = YES;
				GCC_WARN_ABOUT_RETURN_TYPE = YES_ERROR;
				GCC_WARN_UNDECLARED_SELECTOR = YES;
				GCC_WARN_UNINITIALIZED_AUTOS = YES_AGGRESSIVE;
				GCC_WARN_UNUSED_FUNCTION = YES;
				GCC_WARN_UNUSED_VARIABLE = YES;
				INFOPLIST_FILE = "Squeak-iOSTests/Info.plist";
				IPHONEOS_DEPLOYMENT_TARGET = 11.0;
				LD_RUNPATH_SEARCH_PATHS = "$(inherited) @executable_path/Frameworks @loader_path/Frameworks";
				MTL_ENABLE_DEBUG_INFO = NO;
				PRODUCT_BUNDLE_IDENTIFIER = "chat.willow.squeak.Squeak-iOSTests";
				PRODUCT_NAME = "$(TARGET_NAME)";
				SDKROOT = iphoneos;
				SWIFT_OPTIMIZATION_LEVEL = "-Owholemodule";
				SWIFT_VERSION = 4.0;
				TARGETED_DEVICE_FAMILY = "1,2";
				TEST_HOST = "$(BUILT_PRODUCTS_DIR)/Squeak-iOS.app/Squeak-iOS";
				VALIDATE_PRODUCT = YES;
			};
			name = Release;
		};
		33D0A5B41F8FDD0500DF080E /* Debug */ = {
			isa = XCBuildConfiguration;
			buildSettings = {
				ALWAYS_EMBED_SWIFT_STANDARD_LIBRARIES = YES;
				ALWAYS_SEARCH_USER_PATHS = NO;
				CLANG_ANALYZER_NONNULL = YES;
				CLANG_ANALYZER_NUMBER_OBJECT_CONVERSION = YES_AGGRESSIVE;
				CLANG_CXX_LANGUAGE_STANDARD = "gnu++14";
				CLANG_CXX_LIBRARY = "libc++";
				CLANG_ENABLE_MODULES = YES;
				CLANG_ENABLE_OBJC_ARC = YES;
				CLANG_WARN_BLOCK_CAPTURE_AUTORELEASING = YES;
				CLANG_WARN_BOOL_CONVERSION = YES;
				CLANG_WARN_COMMA = YES;
				CLANG_WARN_CONSTANT_CONVERSION = YES;
				CLANG_WARN_DIRECT_OBJC_ISA_USAGE = YES_ERROR;
				CLANG_WARN_DOCUMENTATION_COMMENTS = YES;
				CLANG_WARN_EMPTY_BODY = YES;
				CLANG_WARN_ENUM_CONVERSION = YES;
				CLANG_WARN_INFINITE_RECURSION = YES;
				CLANG_WARN_INT_CONVERSION = YES;
				CLANG_WARN_NON_LITERAL_NULL_CONVERSION = YES;
				CLANG_WARN_OBJC_LITERAL_CONVERSION = YES;
				CLANG_WARN_OBJC_ROOT_CLASS = YES_ERROR;
				CLANG_WARN_RANGE_LOOP_ANALYSIS = YES;
				CLANG_WARN_STRICT_PROTOTYPES = YES;
				CLANG_WARN_SUSPICIOUS_MOVE = YES;
				CLANG_WARN_UNGUARDED_AVAILABILITY = YES_AGGRESSIVE;
				CLANG_WARN_UNREACHABLE_CODE = YES;
				CLANG_WARN__DUPLICATE_METHOD_MATCH = YES;
				CODE_SIGN_IDENTITY = "iPhone Developer";
				CODE_SIGN_STYLE = Automatic;
				COPY_PHASE_STRIP = NO;
				DEBUG_INFORMATION_FORMAT = dwarf;
				DEVELOPMENT_TEAM = L3WEU56M5K;
				ENABLE_STRICT_OBJC_MSGSEND = YES;
				ENABLE_TESTABILITY = YES;
				GCC_C_LANGUAGE_STANDARD = gnu11;
				GCC_DYNAMIC_NO_PIC = NO;
				GCC_NO_COMMON_BLOCKS = YES;
				GCC_OPTIMIZATION_LEVEL = 0;
				GCC_PREPROCESSOR_DEFINITIONS = (
					"DEBUG=1",
					"$(inherited)",
				);
				GCC_WARN_64_TO_32_BIT_CONVERSION = YES;
				GCC_WARN_ABOUT_RETURN_TYPE = YES_ERROR;
				GCC_WARN_UNDECLARED_SELECTOR = YES;
				GCC_WARN_UNINITIALIZED_AUTOS = YES_AGGRESSIVE;
				GCC_WARN_UNUSED_FUNCTION = YES;
				GCC_WARN_UNUSED_VARIABLE = YES;
				INFOPLIST_FILE = "Squeak-iOSUITests/Info.plist";
				IPHONEOS_DEPLOYMENT_TARGET = 11.0;
				LD_RUNPATH_SEARCH_PATHS = "$(inherited) @executable_path/Frameworks @loader_path/Frameworks";
				MTL_ENABLE_DEBUG_INFO = YES;
				ONLY_ACTIVE_ARCH = YES;
				PRODUCT_BUNDLE_IDENTIFIER = "chat.willow.squeak.Squeak-iOSUITests";
				PRODUCT_NAME = "$(TARGET_NAME)";
				SDKROOT = iphoneos;
				SWIFT_ACTIVE_COMPILATION_CONDITIONS = DEBUG;
				SWIFT_OPTIMIZATION_LEVEL = "-Onone";
				SWIFT_VERSION = 4.0;
				TARGETED_DEVICE_FAMILY = "1,2";
				TEST_TARGET_NAME = "Squeak-iOS";
			};
			name = Debug;
		};
		33D0A5B51F8FDD0500DF080E /* Release */ = {
			isa = XCBuildConfiguration;
			buildSettings = {
				ALWAYS_EMBED_SWIFT_STANDARD_LIBRARIES = YES;
				ALWAYS_SEARCH_USER_PATHS = NO;
				CLANG_ANALYZER_NONNULL = YES;
				CLANG_ANALYZER_NUMBER_OBJECT_CONVERSION = YES_AGGRESSIVE;
				CLANG_CXX_LANGUAGE_STANDARD = "gnu++14";
				CLANG_CXX_LIBRARY = "libc++";
				CLANG_ENABLE_MODULES = YES;
				CLANG_ENABLE_OBJC_ARC = YES;
				CLANG_WARN_BLOCK_CAPTURE_AUTORELEASING = YES;
				CLANG_WARN_BOOL_CONVERSION = YES;
				CLANG_WARN_COMMA = YES;
				CLANG_WARN_CONSTANT_CONVERSION = YES;
				CLANG_WARN_DIRECT_OBJC_ISA_USAGE = YES_ERROR;
				CLANG_WARN_DOCUMENTATION_COMMENTS = YES;
				CLANG_WARN_EMPTY_BODY = YES;
				CLANG_WARN_ENUM_CONVERSION = YES;
				CLANG_WARN_INFINITE_RECURSION = YES;
				CLANG_WARN_INT_CONVERSION = YES;
				CLANG_WARN_NON_LITERAL_NULL_CONVERSION = YES;
				CLANG_WARN_OBJC_LITERAL_CONVERSION = YES;
				CLANG_WARN_OBJC_ROOT_CLASS = YES_ERROR;
				CLANG_WARN_RANGE_LOOP_ANALYSIS = YES;
				CLANG_WARN_STRICT_PROTOTYPES = YES;
				CLANG_WARN_SUSPICIOUS_MOVE = YES;
				CLANG_WARN_UNGUARDED_AVAILABILITY = YES_AGGRESSIVE;
				CLANG_WARN_UNREACHABLE_CODE = YES;
				CLANG_WARN__DUPLICATE_METHOD_MATCH = YES;
				CODE_SIGN_IDENTITY = "iPhone Developer";
				CODE_SIGN_STYLE = Automatic;
				COPY_PHASE_STRIP = NO;
				DEBUG_INFORMATION_FORMAT = "dwarf-with-dsym";
				DEVELOPMENT_TEAM = L3WEU56M5K;
				ENABLE_NS_ASSERTIONS = NO;
				ENABLE_STRICT_OBJC_MSGSEND = YES;
				GCC_C_LANGUAGE_STANDARD = gnu11;
				GCC_NO_COMMON_BLOCKS = YES;
				GCC_WARN_64_TO_32_BIT_CONVERSION = YES;
				GCC_WARN_ABOUT_RETURN_TYPE = YES_ERROR;
				GCC_WARN_UNDECLARED_SELECTOR = YES;
				GCC_WARN_UNINITIALIZED_AUTOS = YES_AGGRESSIVE;
				GCC_WARN_UNUSED_FUNCTION = YES;
				GCC_WARN_UNUSED_VARIABLE = YES;
				INFOPLIST_FILE = "Squeak-iOSUITests/Info.plist";
				IPHONEOS_DEPLOYMENT_TARGET = 11.0;
				LD_RUNPATH_SEARCH_PATHS = "$(inherited) @executable_path/Frameworks @loader_path/Frameworks";
				MTL_ENABLE_DEBUG_INFO = NO;
				PRODUCT_BUNDLE_IDENTIFIER = "chat.willow.squeak.Squeak-iOSUITests";
				PRODUCT_NAME = "$(TARGET_NAME)";
				SDKROOT = iphoneos;
				SWIFT_OPTIMIZATION_LEVEL = "-Owholemodule";
				SWIFT_VERSION = 4.0;
				TARGETED_DEVICE_FAMILY = "1,2";
				TEST_TARGET_NAME = "Squeak-iOS";
				VALIDATE_PRODUCT = YES;
			};
			name = Release;
		};
		33D0A5E11F8FDD1800DF080E /* Debug */ = {
			isa = XCBuildConfiguration;
			baseConfigurationReference = 04CE1367F11B652F5B0766C5 /* Pods-Squeak-macOS.debug.xcconfig */;
			buildSettings = {
				ALWAYS_SEARCH_USER_PATHS = NO;
				ASSETCATALOG_COMPILER_APPICON_NAME = AppIcon;
				CLANG_ANALYZER_NONNULL = YES;
				CLANG_ANALYZER_NUMBER_OBJECT_CONVERSION = YES_AGGRESSIVE;
				CLANG_CXX_LANGUAGE_STANDARD = "gnu++14";
				CLANG_CXX_LIBRARY = "libc++";
				CLANG_ENABLE_MODULES = YES;
				CLANG_ENABLE_OBJC_ARC = YES;
				CLANG_WARN_BLOCK_CAPTURE_AUTORELEASING = YES;
				CLANG_WARN_BOOL_CONVERSION = YES;
				CLANG_WARN_COMMA = YES;
				CLANG_WARN_CONSTANT_CONVERSION = YES;
				CLANG_WARN_DIRECT_OBJC_ISA_USAGE = YES_ERROR;
				CLANG_WARN_DOCUMENTATION_COMMENTS = YES;
				CLANG_WARN_EMPTY_BODY = YES;
				CLANG_WARN_ENUM_CONVERSION = YES;
				CLANG_WARN_INFINITE_RECURSION = YES;
				CLANG_WARN_INT_CONVERSION = YES;
				CLANG_WARN_NON_LITERAL_NULL_CONVERSION = YES;
				CLANG_WARN_OBJC_LITERAL_CONVERSION = YES;
				CLANG_WARN_OBJC_ROOT_CLASS = YES_ERROR;
				CLANG_WARN_RANGE_LOOP_ANALYSIS = YES;
				CLANG_WARN_STRICT_PROTOTYPES = YES;
				CLANG_WARN_SUSPICIOUS_MOVE = YES;
				CLANG_WARN_UNGUARDED_AVAILABILITY = YES_AGGRESSIVE;
				CLANG_WARN_UNREACHABLE_CODE = YES;
				CLANG_WARN__DUPLICATE_METHOD_MATCH = YES;
				CODE_SIGN_ENTITLEMENTS = "Squeak-macOS/Squeak_macOS.entitlements";
				CODE_SIGN_IDENTITY = "Mac Developer";
				CODE_SIGN_STYLE = Automatic;
				COMBINE_HIDPI_IMAGES = YES;
				COPY_PHASE_STRIP = NO;
				DEBUG_INFORMATION_FORMAT = dwarf;
				DEVELOPMENT_TEAM = L3WEU56M5K;
				ENABLE_STRICT_OBJC_MSGSEND = YES;
				ENABLE_TESTABILITY = YES;
				GCC_C_LANGUAGE_STANDARD = gnu11;
				GCC_DYNAMIC_NO_PIC = NO;
				GCC_NO_COMMON_BLOCKS = YES;
				GCC_OPTIMIZATION_LEVEL = 0;
				GCC_PREPROCESSOR_DEFINITIONS = (
					"DEBUG=1",
					"$(inherited)",
				);
				GCC_WARN_64_TO_32_BIT_CONVERSION = YES;
				GCC_WARN_ABOUT_RETURN_TYPE = YES_ERROR;
				GCC_WARN_UNDECLARED_SELECTOR = YES;
				GCC_WARN_UNINITIALIZED_AUTOS = YES_AGGRESSIVE;
				GCC_WARN_UNUSED_FUNCTION = YES;
				GCC_WARN_UNUSED_VARIABLE = YES;
				INFOPLIST_FILE = "Squeak-macOS/Info.plist";
				LD_RUNPATH_SEARCH_PATHS = "$(inherited) @executable_path/../Frameworks";
				MACOSX_DEPLOYMENT_TARGET = 10.13;
				MTL_ENABLE_DEBUG_INFO = YES;
				ONLY_ACTIVE_ARCH = YES;
				PRODUCT_BUNDLE_IDENTIFIER = "chat.willow.squeak.Squeak-macOS";
				PRODUCT_NAME = "$(TARGET_NAME)";
				SDKROOT = macosx;
				SWIFT_ACTIVE_COMPILATION_CONDITIONS = DEBUG;
				SWIFT_OPTIMIZATION_LEVEL = "-Onone";
				SWIFT_VERSION = 4.0;
			};
			name = Debug;
		};
		33D0A5E21F8FDD1800DF080E /* Release */ = {
			isa = XCBuildConfiguration;
			baseConfigurationReference = 803EECB872D0447FA57EFFC1 /* Pods-Squeak-macOS.release.xcconfig */;
			buildSettings = {
				ALWAYS_SEARCH_USER_PATHS = NO;
				ASSETCATALOG_COMPILER_APPICON_NAME = AppIcon;
				CLANG_ANALYZER_NONNULL = YES;
				CLANG_ANALYZER_NUMBER_OBJECT_CONVERSION = YES_AGGRESSIVE;
				CLANG_CXX_LANGUAGE_STANDARD = "gnu++14";
				CLANG_CXX_LIBRARY = "libc++";
				CLANG_ENABLE_MODULES = YES;
				CLANG_ENABLE_OBJC_ARC = YES;
				CLANG_WARN_BLOCK_CAPTURE_AUTORELEASING = YES;
				CLANG_WARN_BOOL_CONVERSION = YES;
				CLANG_WARN_COMMA = YES;
				CLANG_WARN_CONSTANT_CONVERSION = YES;
				CLANG_WARN_DIRECT_OBJC_ISA_USAGE = YES_ERROR;
				CLANG_WARN_DOCUMENTATION_COMMENTS = YES;
				CLANG_WARN_EMPTY_BODY = YES;
				CLANG_WARN_ENUM_CONVERSION = YES;
				CLANG_WARN_INFINITE_RECURSION = YES;
				CLANG_WARN_INT_CONVERSION = YES;
				CLANG_WARN_NON_LITERAL_NULL_CONVERSION = YES;
				CLANG_WARN_OBJC_LITERAL_CONVERSION = YES;
				CLANG_WARN_OBJC_ROOT_CLASS = YES_ERROR;
				CLANG_WARN_RANGE_LOOP_ANALYSIS = YES;
				CLANG_WARN_STRICT_PROTOTYPES = YES;
				CLANG_WARN_SUSPICIOUS_MOVE = YES;
				CLANG_WARN_UNGUARDED_AVAILABILITY = YES_AGGRESSIVE;
				CLANG_WARN_UNREACHABLE_CODE = YES;
				CLANG_WARN__DUPLICATE_METHOD_MATCH = YES;
				CODE_SIGN_ENTITLEMENTS = "Squeak-macOS/Squeak_macOS.entitlements";
				CODE_SIGN_IDENTITY = "Mac Developer";
				CODE_SIGN_STYLE = Automatic;
				COMBINE_HIDPI_IMAGES = YES;
				COPY_PHASE_STRIP = NO;
				DEBUG_INFORMATION_FORMAT = "dwarf-with-dsym";
				DEVELOPMENT_TEAM = L3WEU56M5K;
				ENABLE_NS_ASSERTIONS = NO;
				ENABLE_STRICT_OBJC_MSGSEND = YES;
				GCC_C_LANGUAGE_STANDARD = gnu11;
				GCC_NO_COMMON_BLOCKS = YES;
				GCC_WARN_64_TO_32_BIT_CONVERSION = YES;
				GCC_WARN_ABOUT_RETURN_TYPE = YES_ERROR;
				GCC_WARN_UNDECLARED_SELECTOR = YES;
				GCC_WARN_UNINITIALIZED_AUTOS = YES_AGGRESSIVE;
				GCC_WARN_UNUSED_FUNCTION = YES;
				GCC_WARN_UNUSED_VARIABLE = YES;
				INFOPLIST_FILE = "Squeak-macOS/Info.plist";
				LD_RUNPATH_SEARCH_PATHS = "$(inherited) @executable_path/../Frameworks";
				MACOSX_DEPLOYMENT_TARGET = 10.13;
				MTL_ENABLE_DEBUG_INFO = NO;
				PRODUCT_BUNDLE_IDENTIFIER = "chat.willow.squeak.Squeak-macOS";
				PRODUCT_NAME = "$(TARGET_NAME)";
				SDKROOT = macosx;
				SWIFT_OPTIMIZATION_LEVEL = "-Owholemodule";
				SWIFT_VERSION = 4.0;
			};
			name = Release;
		};
		33D0A5E41F8FDD1800DF080E /* Debug */ = {
			isa = XCBuildConfiguration;
			baseConfigurationReference = CFB132A4368922B4DCDE6D84 /* Pods-Squeak-macOSTests.debug.xcconfig */;
			buildSettings = {
				ALWAYS_EMBED_SWIFT_STANDARD_LIBRARIES = YES;
				ALWAYS_SEARCH_USER_PATHS = NO;
				BUNDLE_LOADER = "$(TEST_HOST)";
				CLANG_ANALYZER_NONNULL = YES;
				CLANG_ANALYZER_NUMBER_OBJECT_CONVERSION = YES_AGGRESSIVE;
				CLANG_CXX_LANGUAGE_STANDARD = "gnu++14";
				CLANG_CXX_LIBRARY = "libc++";
				CLANG_ENABLE_MODULES = YES;
				CLANG_ENABLE_OBJC_ARC = YES;
				CLANG_WARN_BLOCK_CAPTURE_AUTORELEASING = YES;
				CLANG_WARN_BOOL_CONVERSION = YES;
				CLANG_WARN_COMMA = YES;
				CLANG_WARN_CONSTANT_CONVERSION = YES;
				CLANG_WARN_DIRECT_OBJC_ISA_USAGE = YES_ERROR;
				CLANG_WARN_DOCUMENTATION_COMMENTS = YES;
				CLANG_WARN_EMPTY_BODY = YES;
				CLANG_WARN_ENUM_CONVERSION = YES;
				CLANG_WARN_INFINITE_RECURSION = YES;
				CLANG_WARN_INT_CONVERSION = YES;
				CLANG_WARN_NON_LITERAL_NULL_CONVERSION = YES;
				CLANG_WARN_OBJC_LITERAL_CONVERSION = YES;
				CLANG_WARN_OBJC_ROOT_CLASS = YES_ERROR;
				CLANG_WARN_RANGE_LOOP_ANALYSIS = YES;
				CLANG_WARN_STRICT_PROTOTYPES = YES;
				CLANG_WARN_SUSPICIOUS_MOVE = YES;
				CLANG_WARN_UNGUARDED_AVAILABILITY = YES_AGGRESSIVE;
				CLANG_WARN_UNREACHABLE_CODE = YES;
				CLANG_WARN__DUPLICATE_METHOD_MATCH = YES;
				CODE_SIGN_IDENTITY = "Mac Developer";
				CODE_SIGN_STYLE = Automatic;
				COMBINE_HIDPI_IMAGES = YES;
				COPY_PHASE_STRIP = NO;
				DEBUG_INFORMATION_FORMAT = dwarf;
				DEVELOPMENT_TEAM = L3WEU56M5K;
				ENABLE_STRICT_OBJC_MSGSEND = YES;
				ENABLE_TESTABILITY = YES;
				GCC_C_LANGUAGE_STANDARD = gnu11;
				GCC_DYNAMIC_NO_PIC = NO;
				GCC_NO_COMMON_BLOCKS = YES;
				GCC_OPTIMIZATION_LEVEL = 0;
				GCC_PREPROCESSOR_DEFINITIONS = (
					"DEBUG=1",
					"$(inherited)",
				);
				GCC_WARN_64_TO_32_BIT_CONVERSION = YES;
				GCC_WARN_ABOUT_RETURN_TYPE = YES_ERROR;
				GCC_WARN_UNDECLARED_SELECTOR = YES;
				GCC_WARN_UNINITIALIZED_AUTOS = YES_AGGRESSIVE;
				GCC_WARN_UNUSED_FUNCTION = YES;
				GCC_WARN_UNUSED_VARIABLE = YES;
				INFOPLIST_FILE = "Squeak-macOSTests/Info.plist";
				LD_RUNPATH_SEARCH_PATHS = "$(inherited) @executable_path/../Frameworks @loader_path/../Frameworks";
				MACOSX_DEPLOYMENT_TARGET = 10.13;
				MTL_ENABLE_DEBUG_INFO = YES;
				ONLY_ACTIVE_ARCH = YES;
				PRODUCT_BUNDLE_IDENTIFIER = "chat.willow.squeak.Squeak-macOSTests";
				PRODUCT_NAME = "$(TARGET_NAME)";
				SDKROOT = macosx;
				SWIFT_ACTIVE_COMPILATION_CONDITIONS = DEBUG;
				SWIFT_OPTIMIZATION_LEVEL = "-Onone";
				SWIFT_VERSION = 4.0;
				TEST_HOST = "$(BUILT_PRODUCTS_DIR)/Squeak-macOS.app/Contents/MacOS/Squeak-macOS";
			};
			name = Debug;
		};
		33D0A5E51F8FDD1800DF080E /* Release */ = {
			isa = XCBuildConfiguration;
			baseConfigurationReference = E2066EE3E6FDE3D0AC6CEA78 /* Pods-Squeak-macOSTests.release.xcconfig */;
			buildSettings = {
				ALWAYS_EMBED_SWIFT_STANDARD_LIBRARIES = YES;
				ALWAYS_SEARCH_USER_PATHS = NO;
				BUNDLE_LOADER = "$(TEST_HOST)";
				CLANG_ANALYZER_NONNULL = YES;
				CLANG_ANALYZER_NUMBER_OBJECT_CONVERSION = YES_AGGRESSIVE;
				CLANG_CXX_LANGUAGE_STANDARD = "gnu++14";
				CLANG_CXX_LIBRARY = "libc++";
				CLANG_ENABLE_MODULES = YES;
				CLANG_ENABLE_OBJC_ARC = YES;
				CLANG_WARN_BLOCK_CAPTURE_AUTORELEASING = YES;
				CLANG_WARN_BOOL_CONVERSION = YES;
				CLANG_WARN_COMMA = YES;
				CLANG_WARN_CONSTANT_CONVERSION = YES;
				CLANG_WARN_DIRECT_OBJC_ISA_USAGE = YES_ERROR;
				CLANG_WARN_DOCUMENTATION_COMMENTS = YES;
				CLANG_WARN_EMPTY_BODY = YES;
				CLANG_WARN_ENUM_CONVERSION = YES;
				CLANG_WARN_INFINITE_RECURSION = YES;
				CLANG_WARN_INT_CONVERSION = YES;
				CLANG_WARN_NON_LITERAL_NULL_CONVERSION = YES;
				CLANG_WARN_OBJC_LITERAL_CONVERSION = YES;
				CLANG_WARN_OBJC_ROOT_CLASS = YES_ERROR;
				CLANG_WARN_RANGE_LOOP_ANALYSIS = YES;
				CLANG_WARN_STRICT_PROTOTYPES = YES;
				CLANG_WARN_SUSPICIOUS_MOVE = YES;
				CLANG_WARN_UNGUARDED_AVAILABILITY = YES_AGGRESSIVE;
				CLANG_WARN_UNREACHABLE_CODE = YES;
				CLANG_WARN__DUPLICATE_METHOD_MATCH = YES;
				CODE_SIGN_IDENTITY = "Mac Developer";
				CODE_SIGN_STYLE = Automatic;
				COMBINE_HIDPI_IMAGES = YES;
				COPY_PHASE_STRIP = NO;
				DEBUG_INFORMATION_FORMAT = "dwarf-with-dsym";
				DEVELOPMENT_TEAM = L3WEU56M5K;
				ENABLE_NS_ASSERTIONS = NO;
				ENABLE_STRICT_OBJC_MSGSEND = YES;
				GCC_C_LANGUAGE_STANDARD = gnu11;
				GCC_NO_COMMON_BLOCKS = YES;
				GCC_WARN_64_TO_32_BIT_CONVERSION = YES;
				GCC_WARN_ABOUT_RETURN_TYPE = YES_ERROR;
				GCC_WARN_UNDECLARED_SELECTOR = YES;
				GCC_WARN_UNINITIALIZED_AUTOS = YES_AGGRESSIVE;
				GCC_WARN_UNUSED_FUNCTION = YES;
				GCC_WARN_UNUSED_VARIABLE = YES;
				INFOPLIST_FILE = "Squeak-macOSTests/Info.plist";
				LD_RUNPATH_SEARCH_PATHS = "$(inherited) @executable_path/../Frameworks @loader_path/../Frameworks";
				MACOSX_DEPLOYMENT_TARGET = 10.13;
				MTL_ENABLE_DEBUG_INFO = NO;
				PRODUCT_BUNDLE_IDENTIFIER = "chat.willow.squeak.Squeak-macOSTests";
				PRODUCT_NAME = "$(TARGET_NAME)";
				SDKROOT = macosx;
				SWIFT_OPTIMIZATION_LEVEL = "-Owholemodule";
				SWIFT_VERSION = 4.0;
				TEST_HOST = "$(BUILT_PRODUCTS_DIR)/Squeak-macOS.app/Contents/MacOS/Squeak-macOS";
			};
			name = Release;
		};
		33D0A5E71F8FDD1800DF080E /* Debug */ = {
			isa = XCBuildConfiguration;
			buildSettings = {
				ALWAYS_EMBED_SWIFT_STANDARD_LIBRARIES = YES;
				ALWAYS_SEARCH_USER_PATHS = NO;
				CLANG_ANALYZER_NONNULL = YES;
				CLANG_ANALYZER_NUMBER_OBJECT_CONVERSION = YES_AGGRESSIVE;
				CLANG_CXX_LANGUAGE_STANDARD = "gnu++14";
				CLANG_CXX_LIBRARY = "libc++";
				CLANG_ENABLE_MODULES = YES;
				CLANG_ENABLE_OBJC_ARC = YES;
				CLANG_WARN_BLOCK_CAPTURE_AUTORELEASING = YES;
				CLANG_WARN_BOOL_CONVERSION = YES;
				CLANG_WARN_COMMA = YES;
				CLANG_WARN_CONSTANT_CONVERSION = YES;
				CLANG_WARN_DIRECT_OBJC_ISA_USAGE = YES_ERROR;
				CLANG_WARN_DOCUMENTATION_COMMENTS = YES;
				CLANG_WARN_EMPTY_BODY = YES;
				CLANG_WARN_ENUM_CONVERSION = YES;
				CLANG_WARN_INFINITE_RECURSION = YES;
				CLANG_WARN_INT_CONVERSION = YES;
				CLANG_WARN_NON_LITERAL_NULL_CONVERSION = YES;
				CLANG_WARN_OBJC_LITERAL_CONVERSION = YES;
				CLANG_WARN_OBJC_ROOT_CLASS = YES_ERROR;
				CLANG_WARN_RANGE_LOOP_ANALYSIS = YES;
				CLANG_WARN_STRICT_PROTOTYPES = YES;
				CLANG_WARN_SUSPICIOUS_MOVE = YES;
				CLANG_WARN_UNGUARDED_AVAILABILITY = YES_AGGRESSIVE;
				CLANG_WARN_UNREACHABLE_CODE = YES;
				CLANG_WARN__DUPLICATE_METHOD_MATCH = YES;
				CODE_SIGN_IDENTITY = "Mac Developer";
				CODE_SIGN_STYLE = Automatic;
				COMBINE_HIDPI_IMAGES = YES;
				COPY_PHASE_STRIP = NO;
				DEBUG_INFORMATION_FORMAT = dwarf;
				DEVELOPMENT_TEAM = L3WEU56M5K;
				ENABLE_STRICT_OBJC_MSGSEND = YES;
				ENABLE_TESTABILITY = YES;
				GCC_C_LANGUAGE_STANDARD = gnu11;
				GCC_DYNAMIC_NO_PIC = NO;
				GCC_NO_COMMON_BLOCKS = YES;
				GCC_OPTIMIZATION_LEVEL = 0;
				GCC_PREPROCESSOR_DEFINITIONS = (
					"DEBUG=1",
					"$(inherited)",
				);
				GCC_WARN_64_TO_32_BIT_CONVERSION = YES;
				GCC_WARN_ABOUT_RETURN_TYPE = YES_ERROR;
				GCC_WARN_UNDECLARED_SELECTOR = YES;
				GCC_WARN_UNINITIALIZED_AUTOS = YES_AGGRESSIVE;
				GCC_WARN_UNUSED_FUNCTION = YES;
				GCC_WARN_UNUSED_VARIABLE = YES;
				INFOPLIST_FILE = "Squeak-macOSUITests/Info.plist";
				LD_RUNPATH_SEARCH_PATHS = "$(inherited) @executable_path/../Frameworks @loader_path/../Frameworks";
				MACOSX_DEPLOYMENT_TARGET = 10.13;
				MTL_ENABLE_DEBUG_INFO = YES;
				ONLY_ACTIVE_ARCH = YES;
				PRODUCT_BUNDLE_IDENTIFIER = "chat.willow.squeak.Squeak-macOSUITests";
				PRODUCT_NAME = "$(TARGET_NAME)";
				SDKROOT = macosx;
				SWIFT_ACTIVE_COMPILATION_CONDITIONS = DEBUG;
				SWIFT_OPTIMIZATION_LEVEL = "-Onone";
				SWIFT_VERSION = 4.0;
				TEST_TARGET_NAME = "Squeak-macOS";
			};
			name = Debug;
		};
		33D0A5E81F8FDD1800DF080E /* Release */ = {
			isa = XCBuildConfiguration;
			buildSettings = {
				ALWAYS_EMBED_SWIFT_STANDARD_LIBRARIES = YES;
				ALWAYS_SEARCH_USER_PATHS = NO;
				CLANG_ANALYZER_NONNULL = YES;
				CLANG_ANALYZER_NUMBER_OBJECT_CONVERSION = YES_AGGRESSIVE;
				CLANG_CXX_LANGUAGE_STANDARD = "gnu++14";
				CLANG_CXX_LIBRARY = "libc++";
				CLANG_ENABLE_MODULES = YES;
				CLANG_ENABLE_OBJC_ARC = YES;
				CLANG_WARN_BLOCK_CAPTURE_AUTORELEASING = YES;
				CLANG_WARN_BOOL_CONVERSION = YES;
				CLANG_WARN_COMMA = YES;
				CLANG_WARN_CONSTANT_CONVERSION = YES;
				CLANG_WARN_DIRECT_OBJC_ISA_USAGE = YES_ERROR;
				CLANG_WARN_DOCUMENTATION_COMMENTS = YES;
				CLANG_WARN_EMPTY_BODY = YES;
				CLANG_WARN_ENUM_CONVERSION = YES;
				CLANG_WARN_INFINITE_RECURSION = YES;
				CLANG_WARN_INT_CONVERSION = YES;
				CLANG_WARN_NON_LITERAL_NULL_CONVERSION = YES;
				CLANG_WARN_OBJC_LITERAL_CONVERSION = YES;
				CLANG_WARN_OBJC_ROOT_CLASS = YES_ERROR;
				CLANG_WARN_RANGE_LOOP_ANALYSIS = YES;
				CLANG_WARN_STRICT_PROTOTYPES = YES;
				CLANG_WARN_SUSPICIOUS_MOVE = YES;
				CLANG_WARN_UNGUARDED_AVAILABILITY = YES_AGGRESSIVE;
				CLANG_WARN_UNREACHABLE_CODE = YES;
				CLANG_WARN__DUPLICATE_METHOD_MATCH = YES;
				CODE_SIGN_IDENTITY = "Mac Developer";
				CODE_SIGN_STYLE = Automatic;
				COMBINE_HIDPI_IMAGES = YES;
				COPY_PHASE_STRIP = NO;
				DEBUG_INFORMATION_FORMAT = "dwarf-with-dsym";
				DEVELOPMENT_TEAM = L3WEU56M5K;
				ENABLE_NS_ASSERTIONS = NO;
				ENABLE_STRICT_OBJC_MSGSEND = YES;
				GCC_C_LANGUAGE_STANDARD = gnu11;
				GCC_NO_COMMON_BLOCKS = YES;
				GCC_WARN_64_TO_32_BIT_CONVERSION = YES;
				GCC_WARN_ABOUT_RETURN_TYPE = YES_ERROR;
				GCC_WARN_UNDECLARED_SELECTOR = YES;
				GCC_WARN_UNINITIALIZED_AUTOS = YES_AGGRESSIVE;
				GCC_WARN_UNUSED_FUNCTION = YES;
				GCC_WARN_UNUSED_VARIABLE = YES;
				INFOPLIST_FILE = "Squeak-macOSUITests/Info.plist";
				LD_RUNPATH_SEARCH_PATHS = "$(inherited) @executable_path/../Frameworks @loader_path/../Frameworks";
				MACOSX_DEPLOYMENT_TARGET = 10.13;
				MTL_ENABLE_DEBUG_INFO = NO;
				PRODUCT_BUNDLE_IDENTIFIER = "chat.willow.squeak.Squeak-macOSUITests";
				PRODUCT_NAME = "$(TARGET_NAME)";
				SDKROOT = macosx;
				SWIFT_OPTIMIZATION_LEVEL = "-Owholemodule";
				SWIFT_VERSION = 4.0;
				TEST_TARGET_NAME = "Squeak-macOS";
			};
			name = Release;
		};
		33D0A6031F8FDD4200DF080E /* Debug */ = {
			isa = XCBuildConfiguration;
			buildSettings = {
				ALWAYS_SEARCH_USER_PATHS = NO;
				CLANG_ANALYZER_NONNULL = YES;
				CLANG_ANALYZER_NUMBER_OBJECT_CONVERSION = YES_AGGRESSIVE;
				CLANG_CXX_LANGUAGE_STANDARD = "gnu++14";
				CLANG_CXX_LIBRARY = "libc++";
				CLANG_ENABLE_MODULES = YES;
				CLANG_ENABLE_OBJC_ARC = YES;
				CLANG_WARN_BLOCK_CAPTURE_AUTORELEASING = YES;
				CLANG_WARN_BOOL_CONVERSION = YES;
				CLANG_WARN_COMMA = YES;
				CLANG_WARN_CONSTANT_CONVERSION = YES;
				CLANG_WARN_DIRECT_OBJC_ISA_USAGE = YES_ERROR;
				CLANG_WARN_DOCUMENTATION_COMMENTS = YES;
				CLANG_WARN_EMPTY_BODY = YES;
				CLANG_WARN_ENUM_CONVERSION = YES;
				CLANG_WARN_INFINITE_RECURSION = YES;
				CLANG_WARN_INT_CONVERSION = YES;
				CLANG_WARN_NON_LITERAL_NULL_CONVERSION = YES;
				CLANG_WARN_OBJC_LITERAL_CONVERSION = YES;
				CLANG_WARN_OBJC_ROOT_CLASS = YES_ERROR;
				CLANG_WARN_RANGE_LOOP_ANALYSIS = YES;
				CLANG_WARN_STRICT_PROTOTYPES = YES;
				CLANG_WARN_SUSPICIOUS_MOVE = YES;
				CLANG_WARN_UNGUARDED_AVAILABILITY = YES_AGGRESSIVE;
				CLANG_WARN_UNREACHABLE_CODE = YES;
				CLANG_WARN__DUPLICATE_METHOD_MATCH = YES;
				CODE_SIGN_IDENTITY = "iPhone Developer";
				CODE_SIGN_STYLE = Automatic;
				COPY_PHASE_STRIP = NO;
				DEBUG_INFORMATION_FORMAT = dwarf;
				DEVELOPMENT_TEAM = L3WEU56M5K;
				ENABLE_STRICT_OBJC_MSGSEND = YES;
				ENABLE_TESTABILITY = YES;
				GCC_C_LANGUAGE_STANDARD = gnu11;
				GCC_DYNAMIC_NO_PIC = NO;
				GCC_NO_COMMON_BLOCKS = YES;
				GCC_OPTIMIZATION_LEVEL = 0;
				GCC_PREPROCESSOR_DEFINITIONS = (
					"DEBUG=1",
					"$(inherited)",
				);
				GCC_WARN_64_TO_32_BIT_CONVERSION = YES;
				GCC_WARN_ABOUT_RETURN_TYPE = YES_ERROR;
				GCC_WARN_UNDECLARED_SELECTOR = YES;
				GCC_WARN_UNINITIALIZED_AUTOS = YES_AGGRESSIVE;
				GCC_WARN_UNUSED_FUNCTION = YES;
				GCC_WARN_UNUSED_VARIABLE = YES;
				INFOPLIST_FILE = "Squeak-CoreTests/Info.plist";
				IPHONEOS_DEPLOYMENT_TARGET = 11.0;
				LD_RUNPATH_SEARCH_PATHS = "$(inherited) @executable_path/Frameworks @loader_path/Frameworks";
				MTL_ENABLE_DEBUG_INFO = YES;
				ONLY_ACTIVE_ARCH = YES;
				PRODUCT_BUNDLE_IDENTIFIER = "chat.willow.squeak.Squeak-CoreTests";
				PRODUCT_NAME = "$(TARGET_NAME)";
				SDKROOT = iphoneos;
				SWIFT_ACTIVE_COMPILATION_CONDITIONS = DEBUG;
				SWIFT_OPTIMIZATION_LEVEL = "-Onone";
				SWIFT_VERSION = 4.0;
				TARGETED_DEVICE_FAMILY = "1,2";
			};
			name = Debug;
		};
		33D0A6041F8FDD4200DF080E /* Release */ = {
			isa = XCBuildConfiguration;
			buildSettings = {
				ALWAYS_SEARCH_USER_PATHS = NO;
				CLANG_ANALYZER_NONNULL = YES;
				CLANG_ANALYZER_NUMBER_OBJECT_CONVERSION = YES_AGGRESSIVE;
				CLANG_CXX_LANGUAGE_STANDARD = "gnu++14";
				CLANG_CXX_LIBRARY = "libc++";
				CLANG_ENABLE_MODULES = YES;
				CLANG_ENABLE_OBJC_ARC = YES;
				CLANG_WARN_BLOCK_CAPTURE_AUTORELEASING = YES;
				CLANG_WARN_BOOL_CONVERSION = YES;
				CLANG_WARN_COMMA = YES;
				CLANG_WARN_CONSTANT_CONVERSION = YES;
				CLANG_WARN_DIRECT_OBJC_ISA_USAGE = YES_ERROR;
				CLANG_WARN_DOCUMENTATION_COMMENTS = YES;
				CLANG_WARN_EMPTY_BODY = YES;
				CLANG_WARN_ENUM_CONVERSION = YES;
				CLANG_WARN_INFINITE_RECURSION = YES;
				CLANG_WARN_INT_CONVERSION = YES;
				CLANG_WARN_NON_LITERAL_NULL_CONVERSION = YES;
				CLANG_WARN_OBJC_LITERAL_CONVERSION = YES;
				CLANG_WARN_OBJC_ROOT_CLASS = YES_ERROR;
				CLANG_WARN_RANGE_LOOP_ANALYSIS = YES;
				CLANG_WARN_STRICT_PROTOTYPES = YES;
				CLANG_WARN_SUSPICIOUS_MOVE = YES;
				CLANG_WARN_UNGUARDED_AVAILABILITY = YES_AGGRESSIVE;
				CLANG_WARN_UNREACHABLE_CODE = YES;
				CLANG_WARN__DUPLICATE_METHOD_MATCH = YES;
				CODE_SIGN_IDENTITY = "iPhone Developer";
				CODE_SIGN_STYLE = Automatic;
				COPY_PHASE_STRIP = NO;
				DEBUG_INFORMATION_FORMAT = "dwarf-with-dsym";
				DEVELOPMENT_TEAM = L3WEU56M5K;
				ENABLE_NS_ASSERTIONS = NO;
				ENABLE_STRICT_OBJC_MSGSEND = YES;
				GCC_C_LANGUAGE_STANDARD = gnu11;
				GCC_NO_COMMON_BLOCKS = YES;
				GCC_WARN_64_TO_32_BIT_CONVERSION = YES;
				GCC_WARN_ABOUT_RETURN_TYPE = YES_ERROR;
				GCC_WARN_UNDECLARED_SELECTOR = YES;
				GCC_WARN_UNINITIALIZED_AUTOS = YES_AGGRESSIVE;
				GCC_WARN_UNUSED_FUNCTION = YES;
				GCC_WARN_UNUSED_VARIABLE = YES;
				INFOPLIST_FILE = "Squeak-CoreTests/Info.plist";
				IPHONEOS_DEPLOYMENT_TARGET = 11.0;
				LD_RUNPATH_SEARCH_PATHS = "$(inherited) @executable_path/Frameworks @loader_path/Frameworks";
				MTL_ENABLE_DEBUG_INFO = NO;
				PRODUCT_BUNDLE_IDENTIFIER = "chat.willow.squeak.Squeak-CoreTests";
				PRODUCT_NAME = "$(TARGET_NAME)";
				SDKROOT = iphoneos;
				SWIFT_OPTIMIZATION_LEVEL = "-Owholemodule";
				SWIFT_VERSION = 4.0;
				TARGETED_DEVICE_FAMILY = "1,2";
				VALIDATE_PRODUCT = YES;
			};
			name = Release;
		};
/* End XCBuildConfiguration section */

/* Begin XCConfigurationList section */
		33D0A5831F8FDCDE00DF080E /* Build configuration list for PBXProject "Squeak" */ = {
			isa = XCConfigurationList;
			buildConfigurations = (
				33D0A5841F8FDCDE00DF080E /* Debug */,
				33D0A5851F8FDCDE00DF080E /* Release */,
			);
			defaultConfigurationIsVisible = 0;
			defaultConfigurationName = Release;
		};
		33D0A5B61F8FDD0500DF080E /* Build configuration list for PBXNativeTarget "Squeak-iOS" */ = {
			isa = XCConfigurationList;
			buildConfigurations = (
				33D0A5B01F8FDD0500DF080E /* Debug */,
				33D0A5B11F8FDD0500DF080E /* Release */,
			);
			defaultConfigurationIsVisible = 0;
			defaultConfigurationName = Release;
		};
		33D0A5B71F8FDD0500DF080E /* Build configuration list for PBXNativeTarget "Squeak-iOSTests" */ = {
			isa = XCConfigurationList;
			buildConfigurations = (
				33D0A5B21F8FDD0500DF080E /* Debug */,
				33D0A5B31F8FDD0500DF080E /* Release */,
			);
			defaultConfigurationIsVisible = 0;
			defaultConfigurationName = Release;
		};
		33D0A5B81F8FDD0500DF080E /* Build configuration list for PBXNativeTarget "Squeak-iOSUITests" */ = {
			isa = XCConfigurationList;
			buildConfigurations = (
				33D0A5B41F8FDD0500DF080E /* Debug */,
				33D0A5B51F8FDD0500DF080E /* Release */,
			);
			defaultConfigurationIsVisible = 0;
			defaultConfigurationName = Release;
		};
		33D0A5E01F8FDD1800DF080E /* Build configuration list for PBXNativeTarget "Squeak-macOS" */ = {
			isa = XCConfigurationList;
			buildConfigurations = (
				33D0A5E11F8FDD1800DF080E /* Debug */,
				33D0A5E21F8FDD1800DF080E /* Release */,
			);
			defaultConfigurationIsVisible = 0;
			defaultConfigurationName = Release;
		};
		33D0A5E31F8FDD1800DF080E /* Build configuration list for PBXNativeTarget "Squeak-macOSTests" */ = {
			isa = XCConfigurationList;
			buildConfigurations = (
				33D0A5E41F8FDD1800DF080E /* Debug */,
				33D0A5E51F8FDD1800DF080E /* Release */,
			);
			defaultConfigurationIsVisible = 0;
			defaultConfigurationName = Release;
		};
		33D0A5E61F8FDD1800DF080E /* Build configuration list for PBXNativeTarget "Squeak-macOSUITests" */ = {
			isa = XCConfigurationList;
			buildConfigurations = (
				33D0A5E71F8FDD1800DF080E /* Debug */,
				33D0A5E81F8FDD1800DF080E /* Release */,
			);
			defaultConfigurationIsVisible = 0;
			defaultConfigurationName = Release;
		};
		33D0A6021F8FDD4200DF080E /* Build configuration list for PBXNativeTarget "Squeak-CoreTests" */ = {
			isa = XCConfigurationList;
			buildConfigurations = (
				33D0A6031F8FDD4200DF080E /* Debug */,
				33D0A6041F8FDD4200DF080E /* Release */,
			);
			defaultConfigurationIsVisible = 0;
			defaultConfigurationName = Release;
		};
/* End XCConfigurationList section */
	};
	rootObject = 33D0A5801F8FDCDE00DF080E /* Project object */;
}
